
Microsoft Visual Studio Solution File, Format Version 12.00
# Visual Studio 15
VisualStudioVersion = 15.0.26124.0
MinimumVisualStudioVersion = 15.0.26124.0
Project("{9A19103F-16F7-4668-BE54-9A1E7A4F7556}") = "BDSA2018.Lecture01.App", "BDSA2018.Lecture01.App\BDSA2018.Lecture01.App.csproj", "{976EDB9B-7F9C-4D56-995F-0E49E44335CC}"
EndProject
Project("{9A19103F-16F7-4668-BE54-9A1E7A4F7556}") = "BDSA2018.Lecture01.App.Tests", "BDSA2018.Lecture01.App.Tests\BDSA2018.Lecture01.App.Tests.csproj", "{D7A3458B-E669-45F2-8321-53116209ED9F}"
EndProject
Project("{9A19103F-16F7-4668-BE54-9A1E7A4F7556}") = "BDSA2018.Lecture01.Lib", "BDSA2018.Lecture01.Lib\BDSA2018.Lecture01.Lib.csproj", "{F2857F32-FC40-4191-A7FE-32D4A6B22A14}"
EndProject
Project("{9A19103F-16F7-4668-BE54-9A1E7A4F7556}") = "BDSA2018.Lecture02", "BDSA2018.Lecture02\BDSA2018.Lecture02.csproj", "{22CE13F6-92A4-43AB-B5AB-BFB0608DD4D7}"
EndProject
Project("{9A19103F-16F7-4668-BE54-9A1E7A4F7556}") = "BDSA2018.Lecture02.Tests", "BDSA2018.Lecture02.Tests\BDSA2018.Lecture02.Tests.csproj", "{F57F39C2-9F7B-4F94-8FD5-683DC060E110}"
EndProject
Project("{9A19103F-16F7-4668-BE54-9A1E7A4F7556}") = "BDSA2018.Lecture03", "BDSA2018.Lecture03\BDSA2018.Lecture03.csproj", "{D1A43C1D-8907-4653-81BC-DD67A236813C}"
EndProject
Project("{9A19103F-16F7-4668-BE54-9A1E7A4F7556}") = "BDSA2018.Lecture03.Tests", "BDSA2018.Lecture03.Tests\BDSA2018.Lecture03.Tests.csproj", "{D7EF49D1-6542-4C31-9F89-1B7DAC2A616B}"
EndProject
Project("{9A19103F-16F7-4668-BE54-9A1E7A4F7556}") = "BDSA2018.Lecture04", "BDSA2018.Lecture04\BDSA2018.Lecture04.csproj", "{64E9E459-1541-4771-B7E6-D5FD2D730675}"
EndProject
Project("{9A19103F-16F7-4668-BE54-9A1E7A4F7556}") = "BDSA2018.Lecture04.Tests", "BDSA2018.Lecture04.Tests\BDSA2018.Lecture04.Tests.csproj", "{9C654400-CA9F-49AD-96FE-ECC6221BE9DB}"
EndProject
Project("{9A19103F-16F7-4668-BE54-9A1E7A4F7556}") = "BDSA2018.Lecture01.Lib.Tests", "BDSA2018.Lecture01.Lib.Tests\BDSA2018.Lecture01.Lib.Tests.csproj", "{9948E324-311E-4276-A484-BD76911907B6}"
EndProject
Project("{9A19103F-16F7-4668-BE54-9A1E7A4F7556}") = "BDSA2018.Lecture05.Models", "BDSA2018.Lecture05.Models\BDSA2018.Lecture05.Models.csproj", "{7DDC6108-371F-4D74-9E54-8FD7A948DE53}"
EndProject
Project("{9A19103F-16F7-4668-BE54-9A1E7A4F7556}") = "BDSA2018.Lecture05.Entities", "BDSA2018.Lecture05.Entities\BDSA2018.Lecture05.Entities.csproj", "{5BA0D47E-C731-4881-9B28-1C2B47233564}"
EndProject
Project("{9A19103F-16F7-4668-BE54-9A1E7A4F7556}") = "BDSA2018.Lecture05.Models.Tests", "BDSA2018.Lecture05.Models.Tests\BDSA2018.Lecture05.Models.Tests.csproj", "{9E7FAAD7-FB9C-4363-8667-5065C9559F9C}"
EndProject
Project("{9A19103F-16F7-4668-BE54-9A1E7A4F7556}") = "BDSA2018.Lecture05.App", "BDSA2018.Lecture05.App\BDSA2018.Lecture05.App.csproj", "{8D954B8C-1744-40D5-98E0-81E61C37FCB2}"
EndProject
Project("{9A19103F-16F7-4668-BE54-9A1E7A4F7556}") = "BDSA2018.Lecture06", "BDSA2018.Lecture06\BDSA2018.Lecture06.csproj", "{2197A38E-8CF8-4C00-8305-EEE270FE2238}"
EndProject
Project("{FAE04EC0-301F-11D3-BF4B-00C04F79EFBC}") = "BDSA2018.Lecture06.App", "BDSA2018.Lecture06.App\BDSA2018.Lecture06.App.csproj", "{F4A5B5E2-F433-4494-9F1D-FB10179E13E3}"
EndProject
Project("{9A19103F-16F7-4668-BE54-9A1E7A4F7556}") = "BDSA2018.Lecture06.Entities", "BDSA2018.Lecture06.Entities\BDSA2018.Lecture06.Entities.csproj", "{94ECA124-246F-45D8-BD5A-39785A94FDC5}"
EndProject
Project("{9A19103F-16F7-4668-BE54-9A1E7A4F7556}") = "BDSA2018.Lecture06.Models", "BDSA2018.Lecture06.Models\BDSA2018.Lecture06.Models.csproj", "{0961F0BA-63F2-4B26-B31B-B3FD447C9DEE}"
EndProject
Project("{9A19103F-16F7-4668-BE54-9A1E7A4F7556}") = "BDSA2018.Lecture06.Models.Tests", "BDSA2018.Lecture06.Models.Tests\BDSA2018.Lecture06.Models.Tests.csproj", "{612CC2FC-456F-4B56-9535-328AB6260951}"
EndProject
Project("{2150E333-8FDC-42A3-9474-1A3956D46DE8}") = "Lecture01", "Lecture01", "{79C57472-2099-4196-B57A-5CD9B2E1EAE9}"
EndProject
Project("{2150E333-8FDC-42A3-9474-1A3956D46DE8}") = "Lecture02", "Lecture02", "{8F85FEC6-83AC-42F3-9D16-B9FACDB8F630}"
EndProject
Project("{2150E333-8FDC-42A3-9474-1A3956D46DE8}") = "Lecture03", "Lecture03", "{31704124-F308-4412-82DF-1CC7EEE1DA78}"
EndProject
Project("{2150E333-8FDC-42A3-9474-1A3956D46DE8}") = "Lecture04", "Lecture04", "{61D33129-3EEC-4AF0-A6C1-DD344D08B8ED}"
EndProject
Project("{2150E333-8FDC-42A3-9474-1A3956D46DE8}") = "Lecture05", "Lecture05", "{6FE4F4B7-69FF-42CA-96CF-391C9FCD7C86}"
EndProject
Project("{2150E333-8FDC-42A3-9474-1A3956D46DE8}") = "Lecture06", "Lecture06", "{F0585CE6-25F3-4226-8B5F-0673619BCC2F}"
EndProject
Project("{2150E333-8FDC-42A3-9474-1A3956D46DE8}") = "Lecture07", "Lecture07", "{6A538B3B-192C-4E7C-BE72-7B00C01BA28E}"
EndProject
Project("{9A19103F-16F7-4668-BE54-9A1E7A4F7556}") = "BDSA2018.Lecture07.Entities", "BDSA2018.Lecture07.Entities\BDSA2018.Lecture07.Entities.csproj", "{952A73B3-CD9E-4A82-9030-02433C655890}"
EndProject
Project("{9A19103F-16F7-4668-BE54-9A1E7A4F7556}") = "BDSA2018.Lecture07.Models", "BDSA2018.Lecture07.Models\BDSA2018.Lecture07.Models.csproj", "{4C50AB23-509A-4C0F-9C75-C9D6F6631C70}"
EndProject
Project("{9A19103F-16F7-4668-BE54-9A1E7A4F7556}") = "BDSA2018.Lecture07.Models.Tests", "BDSA2018.Lecture07.Models.Tests\BDSA2018.Lecture07.Models.Tests.csproj", "{3D4E3EF0-AF53-46AC-8CA7-1EF47D21E823}"
EndProject
Project("{9A19103F-16F7-4668-BE54-9A1E7A4F7556}") = "BDSA2018.Lecture07.Entities.Tests", "BDSA2018.Lecture07.Entities.Tests\BDSA2018.Lecture07.Entities.Tests.csproj", "{0B6A070A-F73F-4A43-8003-74BC7C437557}"
EndProject
Project("{9A19103F-16F7-4668-BE54-9A1E7A4F7556}") = "BDSA2018.Lecture07.Web", "BDSA2018.Lecture07.Web\BDSA2018.Lecture07.Web.csproj", "{F1E4B3A8-3BB8-445F-A295-4D16931E2211}"
EndProject
Project("{9A19103F-16F7-4668-BE54-9A1E7A4F7556}") = "BDSA2018.Lecture07.Web.Tests", "BDSA2018.Lecture07.Web.Tests\BDSA2018.Lecture07.Web.Tests.csproj", "{6761BBC1-E76C-493A-89B7-A2966F8FB64C}"
EndProject
Project("{9A19103F-16F7-4668-BE54-9A1E7A4F7556}") = "BDSA2018.Lecture08.App", "BDSA2018.Lecture08.App\BDSA2018.Lecture08.App.csproj", "{5CD0905F-647C-46DB-B8E7-660807EE95B2}"
EndProject
Project("{9A19103F-16F7-4668-BE54-9A1E7A4F7556}") = "BDSA2018.Lecture08.Models", "BDSA2018.Lecture08.Models\BDSA2018.Lecture08.Models.csproj", "{74F299C5-0056-4C63-ABBC-C777F4D33ED5}"
EndProject
Project("{9A19103F-16F7-4668-BE54-9A1E7A4F7556}") = "BDSA2018.Lecture08.Models.Tests", "BDSA2018.Lecture08.Models.Tests\BDSA2018.Lecture08.Models.Tests.csproj", "{89BCFE6C-7D1F-4370-998D-545D52250F94}"
EndProject
Project("{2150E333-8FDC-42A3-9474-1A3956D46DE8}") = "Lecture08", "Lecture08", "{3AE1FC1C-D161-4759-A7F3-AA25A818778E}"
EndProject
Project("{9A19103F-16F7-4668-BE54-9A1E7A4F7556}") = "BDSA2018.Lecture08.App.Tests", "BDSA2018.Lecture08.App.Tests\BDSA2018.Lecture08.App.Tests.csproj", "{D3F59FAE-5693-466B-9226-C892A6EEB822}"
EndProject
Project("{2150E333-8FDC-42A3-9474-1A3956D46DE8}") = "Lecture09", "Lecture09", "{0B31EE92-B5F9-4AE4-84B8-D44BDF0482D0}"
EndProject
Project("{FAE04EC0-301F-11D3-BF4B-00C04F79EFBC}") = "BDSA2018.Lecture09.MVVM", "BDSA2018.Lecture09.MVVM\BDSA2018.Lecture09.MVVM.csproj", "{7901BDD5-67BE-4CFD-9C14-D29E8A7AED41}"
EndProject
Project("{FAE04EC0-301F-11D3-BF4B-00C04F79EFBC}") = "BDSA2018.Lecture09.MVVM.Tests", "BDSA2018.Lecture09.MVVM.Tests\BDSA2018.Lecture09.MVVM.Tests.csproj", "{347EABF0-4B2A-4768-B33A-4575BBAE2CFC}"
EndProject
Project("{FAE04EC0-301F-11D3-BF4B-00C04F79EFBC}") = "BDSA2018.Lecture09.MyApp", "BDSA2018.Lecture09.MyApp\BDSA2018.Lecture09.MyApp.csproj", "{045807DC-0509-486D-9BC0-6086AF4E27BA}"
EndProject
Project("{2150E333-8FDC-42A3-9474-1A3956D46DE8}") = "Lecture10", "Lecture10", "{8E4B0AF1-7162-4D40-9ED9-F8368315A67D}"
EndProject
Project("{9A19103F-16F7-4668-BE54-9A1E7A4F7556}") = "BDSA2018.Lecture10.Entities", "BDSA2018.Lecture10.Entities\BDSA2018.Lecture10.Entities.csproj", "{79B5083B-7CA3-47AA-BFEE-4424B62E6412}"
EndProject
Project("{9A19103F-16F7-4668-BE54-9A1E7A4F7556}") = "BDSA2018.Lecture10.Entities.Tests", "BDSA2018.Lecture10.Entities.Tests\BDSA2018.Lecture10.Entities.Tests.csproj", "{7450E706-DD1C-4009-BECD-65DAF7433C1A}"
EndProject
Project("{9A19103F-16F7-4668-BE54-9A1E7A4F7556}") = "BDSA2018.Lecture10.Services", "BDSA2018.Lecture10.Services\BDSA2018.Lecture10.Services.csproj", "{A6BD5BD4-1B8F-4805-9873-2C5D30AEEA1E}"
EndProject
Project("{9A19103F-16F7-4668-BE54-9A1E7A4F7556}") = "BDSA2018.Lecture10.Services.Tests", "BDSA2018.Lecture10.Services.Tests\BDSA2018.Lecture10.Services.Tests.csproj", "{2A215DEC-2DDA-4339-94A4-5C0A48E53B48}"
EndProject
Project("{9A19103F-16F7-4668-BE54-9A1E7A4F7556}") = "BDSA2018.Lecture10.Web", "BDSA2018.Lecture10.Web\BDSA2018.Lecture10.Web.csproj", "{C4FFB720-2312-48E1-9903-3ED8BE4AFE10}"
EndProject
Project("{9A19103F-16F7-4668-BE54-9A1E7A4F7556}") = "BDSA2018.Lecture10.Web.Tests", "BDSA2018.Lecture10.Web.Tests\BDSA2018.Lecture10.Web.Tests.csproj", "{51CA7BA4-BEC4-4FC4-9880-C99D93C1BB31}"
EndProject
Project("{FAE04EC0-301F-11D3-BF4B-00C04F79EFBC}") = "BDSA2018.Lecture10.UwpApp", "BDSA2018.Lecture10.UwpApp\BDSA2018.Lecture10.UwpApp.csproj", "{1556AF62-7CA5-47F8-8927-9D6CFA19DF97}"
EndProject
Project("{9A19103F-16F7-4668-BE54-9A1E7A4F7556}") = "BDSA2018.Lecture10.Shared", "BDSA2018.Lecture10.Shared\BDSA2018.Lecture10.Shared.csproj", "{309F7F3F-2813-4C19-961F-9082245C74F7}"
EndProject
Global
	GlobalSection(SolutionConfigurationPlatforms) = preSolution
		Debug|Any CPU = Debug|Any CPU
		Debug|ARM = Debug|ARM
		Debug|iPhone = Debug|iPhone
		Debug|iPhoneSimulator = Debug|iPhoneSimulator
		Debug|x64 = Debug|x64
		Debug|x86 = Debug|x86
		Release|Any CPU = Release|Any CPU
		Release|ARM = Release|ARM
		Release|iPhone = Release|iPhone
		Release|iPhoneSimulator = Release|iPhoneSimulator
		Release|x64 = Release|x64
		Release|x86 = Release|x86
	EndGlobalSection
	GlobalSection(ProjectConfigurationPlatforms) = postSolution
		{976EDB9B-7F9C-4D56-995F-0E49E44335CC}.Debug|Any CPU.ActiveCfg = Debug|Any CPU
		{976EDB9B-7F9C-4D56-995F-0E49E44335CC}.Debug|Any CPU.Build.0 = Debug|Any CPU
		{976EDB9B-7F9C-4D56-995F-0E49E44335CC}.Debug|ARM.ActiveCfg = Debug|Any CPU
		{976EDB9B-7F9C-4D56-995F-0E49E44335CC}.Debug|ARM.Build.0 = Debug|Any CPU
		{976EDB9B-7F9C-4D56-995F-0E49E44335CC}.Debug|iPhone.ActiveCfg = Debug|Any CPU
		{976EDB9B-7F9C-4D56-995F-0E49E44335CC}.Debug|iPhone.Build.0 = Debug|Any CPU
		{976EDB9B-7F9C-4D56-995F-0E49E44335CC}.Debug|iPhoneSimulator.ActiveCfg = Debug|Any CPU
		{976EDB9B-7F9C-4D56-995F-0E49E44335CC}.Debug|iPhoneSimulator.Build.0 = Debug|Any CPU
		{976EDB9B-7F9C-4D56-995F-0E49E44335CC}.Debug|x64.ActiveCfg = Debug|Any CPU
		{976EDB9B-7F9C-4D56-995F-0E49E44335CC}.Debug|x64.Build.0 = Debug|Any CPU
		{976EDB9B-7F9C-4D56-995F-0E49E44335CC}.Debug|x86.ActiveCfg = Debug|Any CPU
		{976EDB9B-7F9C-4D56-995F-0E49E44335CC}.Debug|x86.Build.0 = Debug|Any CPU
		{976EDB9B-7F9C-4D56-995F-0E49E44335CC}.Release|Any CPU.ActiveCfg = Release|Any CPU
		{976EDB9B-7F9C-4D56-995F-0E49E44335CC}.Release|Any CPU.Build.0 = Release|Any CPU
		{976EDB9B-7F9C-4D56-995F-0E49E44335CC}.Release|ARM.ActiveCfg = Release|Any CPU
		{976EDB9B-7F9C-4D56-995F-0E49E44335CC}.Release|ARM.Build.0 = Release|Any CPU
		{976EDB9B-7F9C-4D56-995F-0E49E44335CC}.Release|iPhone.ActiveCfg = Release|Any CPU
		{976EDB9B-7F9C-4D56-995F-0E49E44335CC}.Release|iPhone.Build.0 = Release|Any CPU
		{976EDB9B-7F9C-4D56-995F-0E49E44335CC}.Release|iPhoneSimulator.ActiveCfg = Release|Any CPU
		{976EDB9B-7F9C-4D56-995F-0E49E44335CC}.Release|iPhoneSimulator.Build.0 = Release|Any CPU
		{976EDB9B-7F9C-4D56-995F-0E49E44335CC}.Release|x64.ActiveCfg = Release|Any CPU
		{976EDB9B-7F9C-4D56-995F-0E49E44335CC}.Release|x64.Build.0 = Release|Any CPU
		{976EDB9B-7F9C-4D56-995F-0E49E44335CC}.Release|x86.ActiveCfg = Release|Any CPU
		{976EDB9B-7F9C-4D56-995F-0E49E44335CC}.Release|x86.Build.0 = Release|Any CPU
		{D7A3458B-E669-45F2-8321-53116209ED9F}.Debug|Any CPU.ActiveCfg = Debug|Any CPU
		{D7A3458B-E669-45F2-8321-53116209ED9F}.Debug|Any CPU.Build.0 = Debug|Any CPU
		{D7A3458B-E669-45F2-8321-53116209ED9F}.Debug|ARM.ActiveCfg = Debug|Any CPU
		{D7A3458B-E669-45F2-8321-53116209ED9F}.Debug|ARM.Build.0 = Debug|Any CPU
		{D7A3458B-E669-45F2-8321-53116209ED9F}.Debug|iPhone.ActiveCfg = Debug|Any CPU
		{D7A3458B-E669-45F2-8321-53116209ED9F}.Debug|iPhone.Build.0 = Debug|Any CPU
		{D7A3458B-E669-45F2-8321-53116209ED9F}.Debug|iPhoneSimulator.ActiveCfg = Debug|Any CPU
		{D7A3458B-E669-45F2-8321-53116209ED9F}.Debug|iPhoneSimulator.Build.0 = Debug|Any CPU
		{D7A3458B-E669-45F2-8321-53116209ED9F}.Debug|x64.ActiveCfg = Debug|Any CPU
		{D7A3458B-E669-45F2-8321-53116209ED9F}.Debug|x64.Build.0 = Debug|Any CPU
		{D7A3458B-E669-45F2-8321-53116209ED9F}.Debug|x86.ActiveCfg = Debug|Any CPU
		{D7A3458B-E669-45F2-8321-53116209ED9F}.Debug|x86.Build.0 = Debug|Any CPU
		{D7A3458B-E669-45F2-8321-53116209ED9F}.Release|Any CPU.ActiveCfg = Release|Any CPU
		{D7A3458B-E669-45F2-8321-53116209ED9F}.Release|Any CPU.Build.0 = Release|Any CPU
		{D7A3458B-E669-45F2-8321-53116209ED9F}.Release|ARM.ActiveCfg = Release|Any CPU
		{D7A3458B-E669-45F2-8321-53116209ED9F}.Release|ARM.Build.0 = Release|Any CPU
		{D7A3458B-E669-45F2-8321-53116209ED9F}.Release|iPhone.ActiveCfg = Release|Any CPU
		{D7A3458B-E669-45F2-8321-53116209ED9F}.Release|iPhone.Build.0 = Release|Any CPU
		{D7A3458B-E669-45F2-8321-53116209ED9F}.Release|iPhoneSimulator.ActiveCfg = Release|Any CPU
		{D7A3458B-E669-45F2-8321-53116209ED9F}.Release|iPhoneSimulator.Build.0 = Release|Any CPU
		{D7A3458B-E669-45F2-8321-53116209ED9F}.Release|x64.ActiveCfg = Release|Any CPU
		{D7A3458B-E669-45F2-8321-53116209ED9F}.Release|x64.Build.0 = Release|Any CPU
		{D7A3458B-E669-45F2-8321-53116209ED9F}.Release|x86.ActiveCfg = Release|Any CPU
		{D7A3458B-E669-45F2-8321-53116209ED9F}.Release|x86.Build.0 = Release|Any CPU
		{F2857F32-FC40-4191-A7FE-32D4A6B22A14}.Debug|Any CPU.ActiveCfg = Debug|Any CPU
		{F2857F32-FC40-4191-A7FE-32D4A6B22A14}.Debug|Any CPU.Build.0 = Debug|Any CPU
		{F2857F32-FC40-4191-A7FE-32D4A6B22A14}.Debug|ARM.ActiveCfg = Debug|Any CPU
		{F2857F32-FC40-4191-A7FE-32D4A6B22A14}.Debug|ARM.Build.0 = Debug|Any CPU
		{F2857F32-FC40-4191-A7FE-32D4A6B22A14}.Debug|iPhone.ActiveCfg = Debug|Any CPU
		{F2857F32-FC40-4191-A7FE-32D4A6B22A14}.Debug|iPhone.Build.0 = Debug|Any CPU
		{F2857F32-FC40-4191-A7FE-32D4A6B22A14}.Debug|iPhoneSimulator.ActiveCfg = Debug|Any CPU
		{F2857F32-FC40-4191-A7FE-32D4A6B22A14}.Debug|iPhoneSimulator.Build.0 = Debug|Any CPU
		{F2857F32-FC40-4191-A7FE-32D4A6B22A14}.Debug|x64.ActiveCfg = Debug|Any CPU
		{F2857F32-FC40-4191-A7FE-32D4A6B22A14}.Debug|x64.Build.0 = Debug|Any CPU
		{F2857F32-FC40-4191-A7FE-32D4A6B22A14}.Debug|x86.ActiveCfg = Debug|Any CPU
		{F2857F32-FC40-4191-A7FE-32D4A6B22A14}.Debug|x86.Build.0 = Debug|Any CPU
		{F2857F32-FC40-4191-A7FE-32D4A6B22A14}.Release|Any CPU.ActiveCfg = Release|Any CPU
		{F2857F32-FC40-4191-A7FE-32D4A6B22A14}.Release|Any CPU.Build.0 = Release|Any CPU
		{F2857F32-FC40-4191-A7FE-32D4A6B22A14}.Release|ARM.ActiveCfg = Release|Any CPU
		{F2857F32-FC40-4191-A7FE-32D4A6B22A14}.Release|ARM.Build.0 = Release|Any CPU
		{F2857F32-FC40-4191-A7FE-32D4A6B22A14}.Release|iPhone.ActiveCfg = Release|Any CPU
		{F2857F32-FC40-4191-A7FE-32D4A6B22A14}.Release|iPhone.Build.0 = Release|Any CPU
		{F2857F32-FC40-4191-A7FE-32D4A6B22A14}.Release|iPhoneSimulator.ActiveCfg = Release|Any CPU
		{F2857F32-FC40-4191-A7FE-32D4A6B22A14}.Release|iPhoneSimulator.Build.0 = Release|Any CPU
		{F2857F32-FC40-4191-A7FE-32D4A6B22A14}.Release|x64.ActiveCfg = Release|Any CPU
		{F2857F32-FC40-4191-A7FE-32D4A6B22A14}.Release|x64.Build.0 = Release|Any CPU
		{F2857F32-FC40-4191-A7FE-32D4A6B22A14}.Release|x86.ActiveCfg = Release|Any CPU
		{F2857F32-FC40-4191-A7FE-32D4A6B22A14}.Release|x86.Build.0 = Release|Any CPU
		{22CE13F6-92A4-43AB-B5AB-BFB0608DD4D7}.Debug|Any CPU.ActiveCfg = Debug|Any CPU
		{22CE13F6-92A4-43AB-B5AB-BFB0608DD4D7}.Debug|Any CPU.Build.0 = Debug|Any CPU
		{22CE13F6-92A4-43AB-B5AB-BFB0608DD4D7}.Debug|ARM.ActiveCfg = Debug|Any CPU
		{22CE13F6-92A4-43AB-B5AB-BFB0608DD4D7}.Debug|ARM.Build.0 = Debug|Any CPU
		{22CE13F6-92A4-43AB-B5AB-BFB0608DD4D7}.Debug|iPhone.ActiveCfg = Debug|Any CPU
		{22CE13F6-92A4-43AB-B5AB-BFB0608DD4D7}.Debug|iPhone.Build.0 = Debug|Any CPU
		{22CE13F6-92A4-43AB-B5AB-BFB0608DD4D7}.Debug|iPhoneSimulator.ActiveCfg = Debug|Any CPU
		{22CE13F6-92A4-43AB-B5AB-BFB0608DD4D7}.Debug|iPhoneSimulator.Build.0 = Debug|Any CPU
		{22CE13F6-92A4-43AB-B5AB-BFB0608DD4D7}.Debug|x64.ActiveCfg = Debug|Any CPU
		{22CE13F6-92A4-43AB-B5AB-BFB0608DD4D7}.Debug|x64.Build.0 = Debug|Any CPU
		{22CE13F6-92A4-43AB-B5AB-BFB0608DD4D7}.Debug|x86.ActiveCfg = Debug|Any CPU
		{22CE13F6-92A4-43AB-B5AB-BFB0608DD4D7}.Debug|x86.Build.0 = Debug|Any CPU
		{22CE13F6-92A4-43AB-B5AB-BFB0608DD4D7}.Release|Any CPU.ActiveCfg = Release|Any CPU
		{22CE13F6-92A4-43AB-B5AB-BFB0608DD4D7}.Release|Any CPU.Build.0 = Release|Any CPU
		{22CE13F6-92A4-43AB-B5AB-BFB0608DD4D7}.Release|ARM.ActiveCfg = Release|Any CPU
		{22CE13F6-92A4-43AB-B5AB-BFB0608DD4D7}.Release|ARM.Build.0 = Release|Any CPU
		{22CE13F6-92A4-43AB-B5AB-BFB0608DD4D7}.Release|iPhone.ActiveCfg = Release|Any CPU
		{22CE13F6-92A4-43AB-B5AB-BFB0608DD4D7}.Release|iPhone.Build.0 = Release|Any CPU
		{22CE13F6-92A4-43AB-B5AB-BFB0608DD4D7}.Release|iPhoneSimulator.ActiveCfg = Release|Any CPU
		{22CE13F6-92A4-43AB-B5AB-BFB0608DD4D7}.Release|iPhoneSimulator.Build.0 = Release|Any CPU
		{22CE13F6-92A4-43AB-B5AB-BFB0608DD4D7}.Release|x64.ActiveCfg = Release|Any CPU
		{22CE13F6-92A4-43AB-B5AB-BFB0608DD4D7}.Release|x64.Build.0 = Release|Any CPU
		{22CE13F6-92A4-43AB-B5AB-BFB0608DD4D7}.Release|x86.ActiveCfg = Release|Any CPU
		{22CE13F6-92A4-43AB-B5AB-BFB0608DD4D7}.Release|x86.Build.0 = Release|Any CPU
		{F57F39C2-9F7B-4F94-8FD5-683DC060E110}.Debug|Any CPU.ActiveCfg = Debug|Any CPU
		{F57F39C2-9F7B-4F94-8FD5-683DC060E110}.Debug|Any CPU.Build.0 = Debug|Any CPU
		{F57F39C2-9F7B-4F94-8FD5-683DC060E110}.Debug|ARM.ActiveCfg = Debug|Any CPU
		{F57F39C2-9F7B-4F94-8FD5-683DC060E110}.Debug|ARM.Build.0 = Debug|Any CPU
		{F57F39C2-9F7B-4F94-8FD5-683DC060E110}.Debug|iPhone.ActiveCfg = Debug|Any CPU
		{F57F39C2-9F7B-4F94-8FD5-683DC060E110}.Debug|iPhone.Build.0 = Debug|Any CPU
		{F57F39C2-9F7B-4F94-8FD5-683DC060E110}.Debug|iPhoneSimulator.ActiveCfg = Debug|Any CPU
		{F57F39C2-9F7B-4F94-8FD5-683DC060E110}.Debug|iPhoneSimulator.Build.0 = Debug|Any CPU
		{F57F39C2-9F7B-4F94-8FD5-683DC060E110}.Debug|x64.ActiveCfg = Debug|Any CPU
		{F57F39C2-9F7B-4F94-8FD5-683DC060E110}.Debug|x64.Build.0 = Debug|Any CPU
		{F57F39C2-9F7B-4F94-8FD5-683DC060E110}.Debug|x86.ActiveCfg = Debug|Any CPU
		{F57F39C2-9F7B-4F94-8FD5-683DC060E110}.Debug|x86.Build.0 = Debug|Any CPU
		{F57F39C2-9F7B-4F94-8FD5-683DC060E110}.Release|Any CPU.ActiveCfg = Release|Any CPU
		{F57F39C2-9F7B-4F94-8FD5-683DC060E110}.Release|Any CPU.Build.0 = Release|Any CPU
		{F57F39C2-9F7B-4F94-8FD5-683DC060E110}.Release|ARM.ActiveCfg = Release|Any CPU
		{F57F39C2-9F7B-4F94-8FD5-683DC060E110}.Release|ARM.Build.0 = Release|Any CPU
		{F57F39C2-9F7B-4F94-8FD5-683DC060E110}.Release|iPhone.ActiveCfg = Release|Any CPU
		{F57F39C2-9F7B-4F94-8FD5-683DC060E110}.Release|iPhone.Build.0 = Release|Any CPU
		{F57F39C2-9F7B-4F94-8FD5-683DC060E110}.Release|iPhoneSimulator.ActiveCfg = Release|Any CPU
		{F57F39C2-9F7B-4F94-8FD5-683DC060E110}.Release|iPhoneSimulator.Build.0 = Release|Any CPU
		{F57F39C2-9F7B-4F94-8FD5-683DC060E110}.Release|x64.ActiveCfg = Release|Any CPU
		{F57F39C2-9F7B-4F94-8FD5-683DC060E110}.Release|x64.Build.0 = Release|Any CPU
		{F57F39C2-9F7B-4F94-8FD5-683DC060E110}.Release|x86.ActiveCfg = Release|Any CPU
		{F57F39C2-9F7B-4F94-8FD5-683DC060E110}.Release|x86.Build.0 = Release|Any CPU
		{D1A43C1D-8907-4653-81BC-DD67A236813C}.Debug|Any CPU.ActiveCfg = Debug|Any CPU
		{D1A43C1D-8907-4653-81BC-DD67A236813C}.Debug|Any CPU.Build.0 = Debug|Any CPU
		{D1A43C1D-8907-4653-81BC-DD67A236813C}.Debug|ARM.ActiveCfg = Debug|Any CPU
		{D1A43C1D-8907-4653-81BC-DD67A236813C}.Debug|ARM.Build.0 = Debug|Any CPU
		{D1A43C1D-8907-4653-81BC-DD67A236813C}.Debug|iPhone.ActiveCfg = Debug|Any CPU
		{D1A43C1D-8907-4653-81BC-DD67A236813C}.Debug|iPhone.Build.0 = Debug|Any CPU
		{D1A43C1D-8907-4653-81BC-DD67A236813C}.Debug|iPhoneSimulator.ActiveCfg = Debug|Any CPU
		{D1A43C1D-8907-4653-81BC-DD67A236813C}.Debug|iPhoneSimulator.Build.0 = Debug|Any CPU
		{D1A43C1D-8907-4653-81BC-DD67A236813C}.Debug|x64.ActiveCfg = Debug|Any CPU
		{D1A43C1D-8907-4653-81BC-DD67A236813C}.Debug|x64.Build.0 = Debug|Any CPU
		{D1A43C1D-8907-4653-81BC-DD67A236813C}.Debug|x86.ActiveCfg = Debug|Any CPU
		{D1A43C1D-8907-4653-81BC-DD67A236813C}.Debug|x86.Build.0 = Debug|Any CPU
		{D1A43C1D-8907-4653-81BC-DD67A236813C}.Release|Any CPU.ActiveCfg = Release|Any CPU
		{D1A43C1D-8907-4653-81BC-DD67A236813C}.Release|Any CPU.Build.0 = Release|Any CPU
		{D1A43C1D-8907-4653-81BC-DD67A236813C}.Release|ARM.ActiveCfg = Release|Any CPU
		{D1A43C1D-8907-4653-81BC-DD67A236813C}.Release|ARM.Build.0 = Release|Any CPU
		{D1A43C1D-8907-4653-81BC-DD67A236813C}.Release|iPhone.ActiveCfg = Release|Any CPU
		{D1A43C1D-8907-4653-81BC-DD67A236813C}.Release|iPhone.Build.0 = Release|Any CPU
		{D1A43C1D-8907-4653-81BC-DD67A236813C}.Release|iPhoneSimulator.ActiveCfg = Release|Any CPU
		{D1A43C1D-8907-4653-81BC-DD67A236813C}.Release|iPhoneSimulator.Build.0 = Release|Any CPU
		{D1A43C1D-8907-4653-81BC-DD67A236813C}.Release|x64.ActiveCfg = Release|Any CPU
		{D1A43C1D-8907-4653-81BC-DD67A236813C}.Release|x64.Build.0 = Release|Any CPU
		{D1A43C1D-8907-4653-81BC-DD67A236813C}.Release|x86.ActiveCfg = Release|Any CPU
		{D1A43C1D-8907-4653-81BC-DD67A236813C}.Release|x86.Build.0 = Release|Any CPU
		{D7EF49D1-6542-4C31-9F89-1B7DAC2A616B}.Debug|Any CPU.ActiveCfg = Debug|Any CPU
		{D7EF49D1-6542-4C31-9F89-1B7DAC2A616B}.Debug|Any CPU.Build.0 = Debug|Any CPU
		{D7EF49D1-6542-4C31-9F89-1B7DAC2A616B}.Debug|ARM.ActiveCfg = Debug|Any CPU
		{D7EF49D1-6542-4C31-9F89-1B7DAC2A616B}.Debug|ARM.Build.0 = Debug|Any CPU
		{D7EF49D1-6542-4C31-9F89-1B7DAC2A616B}.Debug|iPhone.ActiveCfg = Debug|Any CPU
		{D7EF49D1-6542-4C31-9F89-1B7DAC2A616B}.Debug|iPhone.Build.0 = Debug|Any CPU
		{D7EF49D1-6542-4C31-9F89-1B7DAC2A616B}.Debug|iPhoneSimulator.ActiveCfg = Debug|Any CPU
		{D7EF49D1-6542-4C31-9F89-1B7DAC2A616B}.Debug|iPhoneSimulator.Build.0 = Debug|Any CPU
		{D7EF49D1-6542-4C31-9F89-1B7DAC2A616B}.Debug|x64.ActiveCfg = Debug|Any CPU
		{D7EF49D1-6542-4C31-9F89-1B7DAC2A616B}.Debug|x64.Build.0 = Debug|Any CPU
		{D7EF49D1-6542-4C31-9F89-1B7DAC2A616B}.Debug|x86.ActiveCfg = Debug|Any CPU
		{D7EF49D1-6542-4C31-9F89-1B7DAC2A616B}.Debug|x86.Build.0 = Debug|Any CPU
		{D7EF49D1-6542-4C31-9F89-1B7DAC2A616B}.Release|Any CPU.ActiveCfg = Release|Any CPU
		{D7EF49D1-6542-4C31-9F89-1B7DAC2A616B}.Release|Any CPU.Build.0 = Release|Any CPU
		{D7EF49D1-6542-4C31-9F89-1B7DAC2A616B}.Release|ARM.ActiveCfg = Release|Any CPU
		{D7EF49D1-6542-4C31-9F89-1B7DAC2A616B}.Release|ARM.Build.0 = Release|Any CPU
		{D7EF49D1-6542-4C31-9F89-1B7DAC2A616B}.Release|iPhone.ActiveCfg = Release|Any CPU
		{D7EF49D1-6542-4C31-9F89-1B7DAC2A616B}.Release|iPhone.Build.0 = Release|Any CPU
		{D7EF49D1-6542-4C31-9F89-1B7DAC2A616B}.Release|iPhoneSimulator.ActiveCfg = Release|Any CPU
		{D7EF49D1-6542-4C31-9F89-1B7DAC2A616B}.Release|iPhoneSimulator.Build.0 = Release|Any CPU
		{D7EF49D1-6542-4C31-9F89-1B7DAC2A616B}.Release|x64.ActiveCfg = Release|Any CPU
		{D7EF49D1-6542-4C31-9F89-1B7DAC2A616B}.Release|x64.Build.0 = Release|Any CPU
		{D7EF49D1-6542-4C31-9F89-1B7DAC2A616B}.Release|x86.ActiveCfg = Release|Any CPU
		{D7EF49D1-6542-4C31-9F89-1B7DAC2A616B}.Release|x86.Build.0 = Release|Any CPU
		{64E9E459-1541-4771-B7E6-D5FD2D730675}.Debug|Any CPU.ActiveCfg = Debug|Any CPU
		{64E9E459-1541-4771-B7E6-D5FD2D730675}.Debug|Any CPU.Build.0 = Debug|Any CPU
		{64E9E459-1541-4771-B7E6-D5FD2D730675}.Debug|ARM.ActiveCfg = Debug|Any CPU
		{64E9E459-1541-4771-B7E6-D5FD2D730675}.Debug|ARM.Build.0 = Debug|Any CPU
		{64E9E459-1541-4771-B7E6-D5FD2D730675}.Debug|iPhone.ActiveCfg = Debug|Any CPU
		{64E9E459-1541-4771-B7E6-D5FD2D730675}.Debug|iPhone.Build.0 = Debug|Any CPU
		{64E9E459-1541-4771-B7E6-D5FD2D730675}.Debug|iPhoneSimulator.ActiveCfg = Debug|Any CPU
		{64E9E459-1541-4771-B7E6-D5FD2D730675}.Debug|iPhoneSimulator.Build.0 = Debug|Any CPU
		{64E9E459-1541-4771-B7E6-D5FD2D730675}.Debug|x64.ActiveCfg = Debug|Any CPU
		{64E9E459-1541-4771-B7E6-D5FD2D730675}.Debug|x64.Build.0 = Debug|Any CPU
		{64E9E459-1541-4771-B7E6-D5FD2D730675}.Debug|x86.ActiveCfg = Debug|Any CPU
		{64E9E459-1541-4771-B7E6-D5FD2D730675}.Debug|x86.Build.0 = Debug|Any CPU
		{64E9E459-1541-4771-B7E6-D5FD2D730675}.Release|Any CPU.ActiveCfg = Release|Any CPU
		{64E9E459-1541-4771-B7E6-D5FD2D730675}.Release|Any CPU.Build.0 = Release|Any CPU
		{64E9E459-1541-4771-B7E6-D5FD2D730675}.Release|ARM.ActiveCfg = Release|Any CPU
		{64E9E459-1541-4771-B7E6-D5FD2D730675}.Release|ARM.Build.0 = Release|Any CPU
		{64E9E459-1541-4771-B7E6-D5FD2D730675}.Release|iPhone.ActiveCfg = Release|Any CPU
		{64E9E459-1541-4771-B7E6-D5FD2D730675}.Release|iPhone.Build.0 = Release|Any CPU
		{64E9E459-1541-4771-B7E6-D5FD2D730675}.Release|iPhoneSimulator.ActiveCfg = Release|Any CPU
		{64E9E459-1541-4771-B7E6-D5FD2D730675}.Release|iPhoneSimulator.Build.0 = Release|Any CPU
		{64E9E459-1541-4771-B7E6-D5FD2D730675}.Release|x64.ActiveCfg = Release|Any CPU
		{64E9E459-1541-4771-B7E6-D5FD2D730675}.Release|x64.Build.0 = Release|Any CPU
		{64E9E459-1541-4771-B7E6-D5FD2D730675}.Release|x86.ActiveCfg = Release|Any CPU
		{64E9E459-1541-4771-B7E6-D5FD2D730675}.Release|x86.Build.0 = Release|Any CPU
		{9C654400-CA9F-49AD-96FE-ECC6221BE9DB}.Debug|Any CPU.ActiveCfg = Debug|Any CPU
		{9C654400-CA9F-49AD-96FE-ECC6221BE9DB}.Debug|Any CPU.Build.0 = Debug|Any CPU
		{9C654400-CA9F-49AD-96FE-ECC6221BE9DB}.Debug|ARM.ActiveCfg = Debug|Any CPU
		{9C654400-CA9F-49AD-96FE-ECC6221BE9DB}.Debug|ARM.Build.0 = Debug|Any CPU
		{9C654400-CA9F-49AD-96FE-ECC6221BE9DB}.Debug|iPhone.ActiveCfg = Debug|Any CPU
		{9C654400-CA9F-49AD-96FE-ECC6221BE9DB}.Debug|iPhone.Build.0 = Debug|Any CPU
		{9C654400-CA9F-49AD-96FE-ECC6221BE9DB}.Debug|iPhoneSimulator.ActiveCfg = Debug|Any CPU
		{9C654400-CA9F-49AD-96FE-ECC6221BE9DB}.Debug|iPhoneSimulator.Build.0 = Debug|Any CPU
		{9C654400-CA9F-49AD-96FE-ECC6221BE9DB}.Debug|x64.ActiveCfg = Debug|Any CPU
		{9C654400-CA9F-49AD-96FE-ECC6221BE9DB}.Debug|x64.Build.0 = Debug|Any CPU
		{9C654400-CA9F-49AD-96FE-ECC6221BE9DB}.Debug|x86.ActiveCfg = Debug|Any CPU
		{9C654400-CA9F-49AD-96FE-ECC6221BE9DB}.Debug|x86.Build.0 = Debug|Any CPU
		{9C654400-CA9F-49AD-96FE-ECC6221BE9DB}.Release|Any CPU.ActiveCfg = Release|Any CPU
		{9C654400-CA9F-49AD-96FE-ECC6221BE9DB}.Release|Any CPU.Build.0 = Release|Any CPU
		{9C654400-CA9F-49AD-96FE-ECC6221BE9DB}.Release|ARM.ActiveCfg = Release|Any CPU
		{9C654400-CA9F-49AD-96FE-ECC6221BE9DB}.Release|ARM.Build.0 = Release|Any CPU
		{9C654400-CA9F-49AD-96FE-ECC6221BE9DB}.Release|iPhone.ActiveCfg = Release|Any CPU
		{9C654400-CA9F-49AD-96FE-ECC6221BE9DB}.Release|iPhone.Build.0 = Release|Any CPU
		{9C654400-CA9F-49AD-96FE-ECC6221BE9DB}.Release|iPhoneSimulator.ActiveCfg = Release|Any CPU
		{9C654400-CA9F-49AD-96FE-ECC6221BE9DB}.Release|iPhoneSimulator.Build.0 = Release|Any CPU
		{9C654400-CA9F-49AD-96FE-ECC6221BE9DB}.Release|x64.ActiveCfg = Release|Any CPU
		{9C654400-CA9F-49AD-96FE-ECC6221BE9DB}.Release|x64.Build.0 = Release|Any CPU
		{9C654400-CA9F-49AD-96FE-ECC6221BE9DB}.Release|x86.ActiveCfg = Release|Any CPU
		{9C654400-CA9F-49AD-96FE-ECC6221BE9DB}.Release|x86.Build.0 = Release|Any CPU
		{9948E324-311E-4276-A484-BD76911907B6}.Debug|Any CPU.ActiveCfg = Debug|Any CPU
		{9948E324-311E-4276-A484-BD76911907B6}.Debug|Any CPU.Build.0 = Debug|Any CPU
		{9948E324-311E-4276-A484-BD76911907B6}.Debug|ARM.ActiveCfg = Debug|Any CPU
		{9948E324-311E-4276-A484-BD76911907B6}.Debug|ARM.Build.0 = Debug|Any CPU
		{9948E324-311E-4276-A484-BD76911907B6}.Debug|iPhone.ActiveCfg = Debug|Any CPU
		{9948E324-311E-4276-A484-BD76911907B6}.Debug|iPhone.Build.0 = Debug|Any CPU
		{9948E324-311E-4276-A484-BD76911907B6}.Debug|iPhoneSimulator.ActiveCfg = Debug|Any CPU
		{9948E324-311E-4276-A484-BD76911907B6}.Debug|iPhoneSimulator.Build.0 = Debug|Any CPU
		{9948E324-311E-4276-A484-BD76911907B6}.Debug|x64.ActiveCfg = Debug|Any CPU
		{9948E324-311E-4276-A484-BD76911907B6}.Debug|x64.Build.0 = Debug|Any CPU
		{9948E324-311E-4276-A484-BD76911907B6}.Debug|x86.ActiveCfg = Debug|Any CPU
		{9948E324-311E-4276-A484-BD76911907B6}.Debug|x86.Build.0 = Debug|Any CPU
		{9948E324-311E-4276-A484-BD76911907B6}.Release|Any CPU.ActiveCfg = Release|Any CPU
		{9948E324-311E-4276-A484-BD76911907B6}.Release|Any CPU.Build.0 = Release|Any CPU
		{9948E324-311E-4276-A484-BD76911907B6}.Release|ARM.ActiveCfg = Release|Any CPU
		{9948E324-311E-4276-A484-BD76911907B6}.Release|ARM.Build.0 = Release|Any CPU
		{9948E324-311E-4276-A484-BD76911907B6}.Release|iPhone.ActiveCfg = Release|Any CPU
		{9948E324-311E-4276-A484-BD76911907B6}.Release|iPhone.Build.0 = Release|Any CPU
		{9948E324-311E-4276-A484-BD76911907B6}.Release|iPhoneSimulator.ActiveCfg = Release|Any CPU
		{9948E324-311E-4276-A484-BD76911907B6}.Release|iPhoneSimulator.Build.0 = Release|Any CPU
		{9948E324-311E-4276-A484-BD76911907B6}.Release|x64.ActiveCfg = Release|Any CPU
		{9948E324-311E-4276-A484-BD76911907B6}.Release|x64.Build.0 = Release|Any CPU
		{9948E324-311E-4276-A484-BD76911907B6}.Release|x86.ActiveCfg = Release|Any CPU
		{9948E324-311E-4276-A484-BD76911907B6}.Release|x86.Build.0 = Release|Any CPU
		{7DDC6108-371F-4D74-9E54-8FD7A948DE53}.Debug|Any CPU.ActiveCfg = Debug|Any CPU
		{7DDC6108-371F-4D74-9E54-8FD7A948DE53}.Debug|Any CPU.Build.0 = Debug|Any CPU
		{7DDC6108-371F-4D74-9E54-8FD7A948DE53}.Debug|ARM.ActiveCfg = Debug|Any CPU
		{7DDC6108-371F-4D74-9E54-8FD7A948DE53}.Debug|ARM.Build.0 = Debug|Any CPU
		{7DDC6108-371F-4D74-9E54-8FD7A948DE53}.Debug|iPhone.ActiveCfg = Debug|Any CPU
		{7DDC6108-371F-4D74-9E54-8FD7A948DE53}.Debug|iPhone.Build.0 = Debug|Any CPU
		{7DDC6108-371F-4D74-9E54-8FD7A948DE53}.Debug|iPhoneSimulator.ActiveCfg = Debug|Any CPU
		{7DDC6108-371F-4D74-9E54-8FD7A948DE53}.Debug|iPhoneSimulator.Build.0 = Debug|Any CPU
		{7DDC6108-371F-4D74-9E54-8FD7A948DE53}.Debug|x64.ActiveCfg = Debug|Any CPU
		{7DDC6108-371F-4D74-9E54-8FD7A948DE53}.Debug|x64.Build.0 = Debug|Any CPU
		{7DDC6108-371F-4D74-9E54-8FD7A948DE53}.Debug|x86.ActiveCfg = Debug|Any CPU
		{7DDC6108-371F-4D74-9E54-8FD7A948DE53}.Debug|x86.Build.0 = Debug|Any CPU
		{7DDC6108-371F-4D74-9E54-8FD7A948DE53}.Release|Any CPU.ActiveCfg = Release|Any CPU
		{7DDC6108-371F-4D74-9E54-8FD7A948DE53}.Release|Any CPU.Build.0 = Release|Any CPU
		{7DDC6108-371F-4D74-9E54-8FD7A948DE53}.Release|ARM.ActiveCfg = Release|Any CPU
		{7DDC6108-371F-4D74-9E54-8FD7A948DE53}.Release|ARM.Build.0 = Release|Any CPU
		{7DDC6108-371F-4D74-9E54-8FD7A948DE53}.Release|iPhone.ActiveCfg = Release|Any CPU
		{7DDC6108-371F-4D74-9E54-8FD7A948DE53}.Release|iPhone.Build.0 = Release|Any CPU
		{7DDC6108-371F-4D74-9E54-8FD7A948DE53}.Release|iPhoneSimulator.ActiveCfg = Release|Any CPU
		{7DDC6108-371F-4D74-9E54-8FD7A948DE53}.Release|iPhoneSimulator.Build.0 = Release|Any CPU
		{7DDC6108-371F-4D74-9E54-8FD7A948DE53}.Release|x64.ActiveCfg = Release|Any CPU
		{7DDC6108-371F-4D74-9E54-8FD7A948DE53}.Release|x64.Build.0 = Release|Any CPU
		{7DDC6108-371F-4D74-9E54-8FD7A948DE53}.Release|x86.ActiveCfg = Release|Any CPU
		{7DDC6108-371F-4D74-9E54-8FD7A948DE53}.Release|x86.Build.0 = Release|Any CPU
		{5BA0D47E-C731-4881-9B28-1C2B47233564}.Debug|Any CPU.ActiveCfg = Debug|Any CPU
		{5BA0D47E-C731-4881-9B28-1C2B47233564}.Debug|Any CPU.Build.0 = Debug|Any CPU
		{5BA0D47E-C731-4881-9B28-1C2B47233564}.Debug|ARM.ActiveCfg = Debug|Any CPU
		{5BA0D47E-C731-4881-9B28-1C2B47233564}.Debug|ARM.Build.0 = Debug|Any CPU
		{5BA0D47E-C731-4881-9B28-1C2B47233564}.Debug|iPhone.ActiveCfg = Debug|Any CPU
		{5BA0D47E-C731-4881-9B28-1C2B47233564}.Debug|iPhone.Build.0 = Debug|Any CPU
		{5BA0D47E-C731-4881-9B28-1C2B47233564}.Debug|iPhoneSimulator.ActiveCfg = Debug|Any CPU
		{5BA0D47E-C731-4881-9B28-1C2B47233564}.Debug|iPhoneSimulator.Build.0 = Debug|Any CPU
		{5BA0D47E-C731-4881-9B28-1C2B47233564}.Debug|x64.ActiveCfg = Debug|Any CPU
		{5BA0D47E-C731-4881-9B28-1C2B47233564}.Debug|x64.Build.0 = Debug|Any CPU
		{5BA0D47E-C731-4881-9B28-1C2B47233564}.Debug|x86.ActiveCfg = Debug|Any CPU
		{5BA0D47E-C731-4881-9B28-1C2B47233564}.Debug|x86.Build.0 = Debug|Any CPU
		{5BA0D47E-C731-4881-9B28-1C2B47233564}.Release|Any CPU.ActiveCfg = Release|Any CPU
		{5BA0D47E-C731-4881-9B28-1C2B47233564}.Release|Any CPU.Build.0 = Release|Any CPU
		{5BA0D47E-C731-4881-9B28-1C2B47233564}.Release|ARM.ActiveCfg = Release|Any CPU
		{5BA0D47E-C731-4881-9B28-1C2B47233564}.Release|ARM.Build.0 = Release|Any CPU
		{5BA0D47E-C731-4881-9B28-1C2B47233564}.Release|iPhone.ActiveCfg = Release|Any CPU
		{5BA0D47E-C731-4881-9B28-1C2B47233564}.Release|iPhone.Build.0 = Release|Any CPU
		{5BA0D47E-C731-4881-9B28-1C2B47233564}.Release|iPhoneSimulator.ActiveCfg = Release|Any CPU
		{5BA0D47E-C731-4881-9B28-1C2B47233564}.Release|iPhoneSimulator.Build.0 = Release|Any CPU
		{5BA0D47E-C731-4881-9B28-1C2B47233564}.Release|x64.ActiveCfg = Release|Any CPU
		{5BA0D47E-C731-4881-9B28-1C2B47233564}.Release|x64.Build.0 = Release|Any CPU
		{5BA0D47E-C731-4881-9B28-1C2B47233564}.Release|x86.ActiveCfg = Release|Any CPU
		{5BA0D47E-C731-4881-9B28-1C2B47233564}.Release|x86.Build.0 = Release|Any CPU
		{9E7FAAD7-FB9C-4363-8667-5065C9559F9C}.Debug|Any CPU.ActiveCfg = Debug|Any CPU
		{9E7FAAD7-FB9C-4363-8667-5065C9559F9C}.Debug|Any CPU.Build.0 = Debug|Any CPU
		{9E7FAAD7-FB9C-4363-8667-5065C9559F9C}.Debug|ARM.ActiveCfg = Debug|Any CPU
		{9E7FAAD7-FB9C-4363-8667-5065C9559F9C}.Debug|ARM.Build.0 = Debug|Any CPU
		{9E7FAAD7-FB9C-4363-8667-5065C9559F9C}.Debug|iPhone.ActiveCfg = Debug|Any CPU
		{9E7FAAD7-FB9C-4363-8667-5065C9559F9C}.Debug|iPhone.Build.0 = Debug|Any CPU
		{9E7FAAD7-FB9C-4363-8667-5065C9559F9C}.Debug|iPhoneSimulator.ActiveCfg = Debug|Any CPU
		{9E7FAAD7-FB9C-4363-8667-5065C9559F9C}.Debug|iPhoneSimulator.Build.0 = Debug|Any CPU
		{9E7FAAD7-FB9C-4363-8667-5065C9559F9C}.Debug|x64.ActiveCfg = Debug|Any CPU
		{9E7FAAD7-FB9C-4363-8667-5065C9559F9C}.Debug|x64.Build.0 = Debug|Any CPU
		{9E7FAAD7-FB9C-4363-8667-5065C9559F9C}.Debug|x86.ActiveCfg = Debug|Any CPU
		{9E7FAAD7-FB9C-4363-8667-5065C9559F9C}.Debug|x86.Build.0 = Debug|Any CPU
		{9E7FAAD7-FB9C-4363-8667-5065C9559F9C}.Release|Any CPU.ActiveCfg = Release|Any CPU
		{9E7FAAD7-FB9C-4363-8667-5065C9559F9C}.Release|Any CPU.Build.0 = Release|Any CPU
		{9E7FAAD7-FB9C-4363-8667-5065C9559F9C}.Release|ARM.ActiveCfg = Release|Any CPU
		{9E7FAAD7-FB9C-4363-8667-5065C9559F9C}.Release|ARM.Build.0 = Release|Any CPU
		{9E7FAAD7-FB9C-4363-8667-5065C9559F9C}.Release|iPhone.ActiveCfg = Release|Any CPU
		{9E7FAAD7-FB9C-4363-8667-5065C9559F9C}.Release|iPhone.Build.0 = Release|Any CPU
		{9E7FAAD7-FB9C-4363-8667-5065C9559F9C}.Release|iPhoneSimulator.ActiveCfg = Release|Any CPU
		{9E7FAAD7-FB9C-4363-8667-5065C9559F9C}.Release|iPhoneSimulator.Build.0 = Release|Any CPU
		{9E7FAAD7-FB9C-4363-8667-5065C9559F9C}.Release|x64.ActiveCfg = Release|Any CPU
		{9E7FAAD7-FB9C-4363-8667-5065C9559F9C}.Release|x64.Build.0 = Release|Any CPU
		{9E7FAAD7-FB9C-4363-8667-5065C9559F9C}.Release|x86.ActiveCfg = Release|Any CPU
		{9E7FAAD7-FB9C-4363-8667-5065C9559F9C}.Release|x86.Build.0 = Release|Any CPU
		{8D954B8C-1744-40D5-98E0-81E61C37FCB2}.Debug|Any CPU.ActiveCfg = Debug|Any CPU
		{8D954B8C-1744-40D5-98E0-81E61C37FCB2}.Debug|Any CPU.Build.0 = Debug|Any CPU
		{8D954B8C-1744-40D5-98E0-81E61C37FCB2}.Debug|ARM.ActiveCfg = Debug|Any CPU
		{8D954B8C-1744-40D5-98E0-81E61C37FCB2}.Debug|ARM.Build.0 = Debug|Any CPU
		{8D954B8C-1744-40D5-98E0-81E61C37FCB2}.Debug|iPhone.ActiveCfg = Debug|Any CPU
		{8D954B8C-1744-40D5-98E0-81E61C37FCB2}.Debug|iPhone.Build.0 = Debug|Any CPU
		{8D954B8C-1744-40D5-98E0-81E61C37FCB2}.Debug|iPhoneSimulator.ActiveCfg = Debug|Any CPU
		{8D954B8C-1744-40D5-98E0-81E61C37FCB2}.Debug|iPhoneSimulator.Build.0 = Debug|Any CPU
		{8D954B8C-1744-40D5-98E0-81E61C37FCB2}.Debug|x64.ActiveCfg = Debug|Any CPU
		{8D954B8C-1744-40D5-98E0-81E61C37FCB2}.Debug|x64.Build.0 = Debug|Any CPU
		{8D954B8C-1744-40D5-98E0-81E61C37FCB2}.Debug|x86.ActiveCfg = Debug|Any CPU
		{8D954B8C-1744-40D5-98E0-81E61C37FCB2}.Debug|x86.Build.0 = Debug|Any CPU
		{8D954B8C-1744-40D5-98E0-81E61C37FCB2}.Release|Any CPU.ActiveCfg = Release|Any CPU
		{8D954B8C-1744-40D5-98E0-81E61C37FCB2}.Release|Any CPU.Build.0 = Release|Any CPU
		{8D954B8C-1744-40D5-98E0-81E61C37FCB2}.Release|ARM.ActiveCfg = Release|Any CPU
		{8D954B8C-1744-40D5-98E0-81E61C37FCB2}.Release|ARM.Build.0 = Release|Any CPU
		{8D954B8C-1744-40D5-98E0-81E61C37FCB2}.Release|iPhone.ActiveCfg = Release|Any CPU
		{8D954B8C-1744-40D5-98E0-81E61C37FCB2}.Release|iPhone.Build.0 = Release|Any CPU
		{8D954B8C-1744-40D5-98E0-81E61C37FCB2}.Release|iPhoneSimulator.ActiveCfg = Release|Any CPU
		{8D954B8C-1744-40D5-98E0-81E61C37FCB2}.Release|iPhoneSimulator.Build.0 = Release|Any CPU
		{8D954B8C-1744-40D5-98E0-81E61C37FCB2}.Release|x64.ActiveCfg = Release|Any CPU
		{8D954B8C-1744-40D5-98E0-81E61C37FCB2}.Release|x64.Build.0 = Release|Any CPU
		{8D954B8C-1744-40D5-98E0-81E61C37FCB2}.Release|x86.ActiveCfg = Release|Any CPU
		{8D954B8C-1744-40D5-98E0-81E61C37FCB2}.Release|x86.Build.0 = Release|Any CPU
		{2197A38E-8CF8-4C00-8305-EEE270FE2238}.Debug|Any CPU.ActiveCfg = Debug|Any CPU
		{2197A38E-8CF8-4C00-8305-EEE270FE2238}.Debug|Any CPU.Build.0 = Debug|Any CPU
		{2197A38E-8CF8-4C00-8305-EEE270FE2238}.Debug|ARM.ActiveCfg = Debug|Any CPU
		{2197A38E-8CF8-4C00-8305-EEE270FE2238}.Debug|ARM.Build.0 = Debug|Any CPU
		{2197A38E-8CF8-4C00-8305-EEE270FE2238}.Debug|iPhone.ActiveCfg = Debug|Any CPU
		{2197A38E-8CF8-4C00-8305-EEE270FE2238}.Debug|iPhone.Build.0 = Debug|Any CPU
		{2197A38E-8CF8-4C00-8305-EEE270FE2238}.Debug|iPhoneSimulator.ActiveCfg = Debug|Any CPU
		{2197A38E-8CF8-4C00-8305-EEE270FE2238}.Debug|iPhoneSimulator.Build.0 = Debug|Any CPU
		{2197A38E-8CF8-4C00-8305-EEE270FE2238}.Debug|x64.ActiveCfg = Debug|Any CPU
		{2197A38E-8CF8-4C00-8305-EEE270FE2238}.Debug|x64.Build.0 = Debug|Any CPU
		{2197A38E-8CF8-4C00-8305-EEE270FE2238}.Debug|x86.ActiveCfg = Debug|Any CPU
		{2197A38E-8CF8-4C00-8305-EEE270FE2238}.Debug|x86.Build.0 = Debug|Any CPU
		{2197A38E-8CF8-4C00-8305-EEE270FE2238}.Release|Any CPU.ActiveCfg = Release|Any CPU
		{2197A38E-8CF8-4C00-8305-EEE270FE2238}.Release|Any CPU.Build.0 = Release|Any CPU
		{2197A38E-8CF8-4C00-8305-EEE270FE2238}.Release|ARM.ActiveCfg = Release|Any CPU
		{2197A38E-8CF8-4C00-8305-EEE270FE2238}.Release|ARM.Build.0 = Release|Any CPU
		{2197A38E-8CF8-4C00-8305-EEE270FE2238}.Release|iPhone.ActiveCfg = Release|Any CPU
		{2197A38E-8CF8-4C00-8305-EEE270FE2238}.Release|iPhone.Build.0 = Release|Any CPU
		{2197A38E-8CF8-4C00-8305-EEE270FE2238}.Release|iPhoneSimulator.ActiveCfg = Release|Any CPU
		{2197A38E-8CF8-4C00-8305-EEE270FE2238}.Release|iPhoneSimulator.Build.0 = Release|Any CPU
		{2197A38E-8CF8-4C00-8305-EEE270FE2238}.Release|x64.ActiveCfg = Release|Any CPU
		{2197A38E-8CF8-4C00-8305-EEE270FE2238}.Release|x64.Build.0 = Release|Any CPU
		{2197A38E-8CF8-4C00-8305-EEE270FE2238}.Release|x86.ActiveCfg = Release|Any CPU
		{2197A38E-8CF8-4C00-8305-EEE270FE2238}.Release|x86.Build.0 = Release|Any CPU
		{F4A5B5E2-F433-4494-9F1D-FB10179E13E3}.Debug|Any CPU.ActiveCfg = Debug|x86
		{F4A5B5E2-F433-4494-9F1D-FB10179E13E3}.Debug|Any CPU.Build.0 = Debug|x86
		{F4A5B5E2-F433-4494-9F1D-FB10179E13E3}.Debug|ARM.ActiveCfg = Debug|ARM
		{F4A5B5E2-F433-4494-9F1D-FB10179E13E3}.Debug|ARM.Build.0 = Debug|ARM
		{F4A5B5E2-F433-4494-9F1D-FB10179E13E3}.Debug|ARM.Deploy.0 = Debug|ARM
		{F4A5B5E2-F433-4494-9F1D-FB10179E13E3}.Debug|iPhone.ActiveCfg = Debug|x86
		{F4A5B5E2-F433-4494-9F1D-FB10179E13E3}.Debug|iPhoneSimulator.ActiveCfg = Debug|x86
		{F4A5B5E2-F433-4494-9F1D-FB10179E13E3}.Debug|x64.ActiveCfg = Debug|x64
		{F4A5B5E2-F433-4494-9F1D-FB10179E13E3}.Debug|x64.Build.0 = Debug|x64
		{F4A5B5E2-F433-4494-9F1D-FB10179E13E3}.Debug|x64.Deploy.0 = Debug|x64
		{F4A5B5E2-F433-4494-9F1D-FB10179E13E3}.Debug|x86.ActiveCfg = Debug|x86
		{F4A5B5E2-F433-4494-9F1D-FB10179E13E3}.Debug|x86.Build.0 = Debug|x86
		{F4A5B5E2-F433-4494-9F1D-FB10179E13E3}.Debug|x86.Deploy.0 = Debug|x86
		{F4A5B5E2-F433-4494-9F1D-FB10179E13E3}.Release|Any CPU.ActiveCfg = Release|x86
		{F4A5B5E2-F433-4494-9F1D-FB10179E13E3}.Release|ARM.ActiveCfg = Release|ARM
		{F4A5B5E2-F433-4494-9F1D-FB10179E13E3}.Release|ARM.Build.0 = Release|ARM
		{F4A5B5E2-F433-4494-9F1D-FB10179E13E3}.Release|ARM.Deploy.0 = Release|ARM
		{F4A5B5E2-F433-4494-9F1D-FB10179E13E3}.Release|iPhone.ActiveCfg = Release|x86
		{F4A5B5E2-F433-4494-9F1D-FB10179E13E3}.Release|iPhoneSimulator.ActiveCfg = Release|x86
		{F4A5B5E2-F433-4494-9F1D-FB10179E13E3}.Release|x64.ActiveCfg = Release|x64
		{F4A5B5E2-F433-4494-9F1D-FB10179E13E3}.Release|x64.Build.0 = Release|x64
		{F4A5B5E2-F433-4494-9F1D-FB10179E13E3}.Release|x64.Deploy.0 = Release|x64
		{F4A5B5E2-F433-4494-9F1D-FB10179E13E3}.Release|x86.ActiveCfg = Release|x86
		{F4A5B5E2-F433-4494-9F1D-FB10179E13E3}.Release|x86.Build.0 = Release|x86
		{F4A5B5E2-F433-4494-9F1D-FB10179E13E3}.Release|x86.Deploy.0 = Release|x86
		{94ECA124-246F-45D8-BD5A-39785A94FDC5}.Debug|Any CPU.ActiveCfg = Debug|Any CPU
		{94ECA124-246F-45D8-BD5A-39785A94FDC5}.Debug|Any CPU.Build.0 = Debug|Any CPU
		{94ECA124-246F-45D8-BD5A-39785A94FDC5}.Debug|ARM.ActiveCfg = Debug|Any CPU
		{94ECA124-246F-45D8-BD5A-39785A94FDC5}.Debug|ARM.Build.0 = Debug|Any CPU
		{94ECA124-246F-45D8-BD5A-39785A94FDC5}.Debug|iPhone.ActiveCfg = Debug|Any CPU
		{94ECA124-246F-45D8-BD5A-39785A94FDC5}.Debug|iPhone.Build.0 = Debug|Any CPU
		{94ECA124-246F-45D8-BD5A-39785A94FDC5}.Debug|iPhoneSimulator.ActiveCfg = Debug|Any CPU
		{94ECA124-246F-45D8-BD5A-39785A94FDC5}.Debug|iPhoneSimulator.Build.0 = Debug|Any CPU
		{94ECA124-246F-45D8-BD5A-39785A94FDC5}.Debug|x64.ActiveCfg = Debug|Any CPU
		{94ECA124-246F-45D8-BD5A-39785A94FDC5}.Debug|x64.Build.0 = Debug|Any CPU
		{94ECA124-246F-45D8-BD5A-39785A94FDC5}.Debug|x86.ActiveCfg = Debug|Any CPU
		{94ECA124-246F-45D8-BD5A-39785A94FDC5}.Debug|x86.Build.0 = Debug|Any CPU
		{94ECA124-246F-45D8-BD5A-39785A94FDC5}.Release|Any CPU.ActiveCfg = Release|Any CPU
		{94ECA124-246F-45D8-BD5A-39785A94FDC5}.Release|Any CPU.Build.0 = Release|Any CPU
		{94ECA124-246F-45D8-BD5A-39785A94FDC5}.Release|ARM.ActiveCfg = Release|Any CPU
		{94ECA124-246F-45D8-BD5A-39785A94FDC5}.Release|ARM.Build.0 = Release|Any CPU
		{94ECA124-246F-45D8-BD5A-39785A94FDC5}.Release|iPhone.ActiveCfg = Release|Any CPU
		{94ECA124-246F-45D8-BD5A-39785A94FDC5}.Release|iPhone.Build.0 = Release|Any CPU
		{94ECA124-246F-45D8-BD5A-39785A94FDC5}.Release|iPhoneSimulator.ActiveCfg = Release|Any CPU
		{94ECA124-246F-45D8-BD5A-39785A94FDC5}.Release|iPhoneSimulator.Build.0 = Release|Any CPU
		{94ECA124-246F-45D8-BD5A-39785A94FDC5}.Release|x64.ActiveCfg = Release|Any CPU
		{94ECA124-246F-45D8-BD5A-39785A94FDC5}.Release|x64.Build.0 = Release|Any CPU
		{94ECA124-246F-45D8-BD5A-39785A94FDC5}.Release|x86.ActiveCfg = Release|Any CPU
		{94ECA124-246F-45D8-BD5A-39785A94FDC5}.Release|x86.Build.0 = Release|Any CPU
		{0961F0BA-63F2-4B26-B31B-B3FD447C9DEE}.Debug|Any CPU.ActiveCfg = Debug|Any CPU
		{0961F0BA-63F2-4B26-B31B-B3FD447C9DEE}.Debug|Any CPU.Build.0 = Debug|Any CPU
		{0961F0BA-63F2-4B26-B31B-B3FD447C9DEE}.Debug|ARM.ActiveCfg = Debug|Any CPU
		{0961F0BA-63F2-4B26-B31B-B3FD447C9DEE}.Debug|ARM.Build.0 = Debug|Any CPU
		{0961F0BA-63F2-4B26-B31B-B3FD447C9DEE}.Debug|iPhone.ActiveCfg = Debug|Any CPU
		{0961F0BA-63F2-4B26-B31B-B3FD447C9DEE}.Debug|iPhone.Build.0 = Debug|Any CPU
		{0961F0BA-63F2-4B26-B31B-B3FD447C9DEE}.Debug|iPhoneSimulator.ActiveCfg = Debug|Any CPU
		{0961F0BA-63F2-4B26-B31B-B3FD447C9DEE}.Debug|iPhoneSimulator.Build.0 = Debug|Any CPU
		{0961F0BA-63F2-4B26-B31B-B3FD447C9DEE}.Debug|x64.ActiveCfg = Debug|Any CPU
		{0961F0BA-63F2-4B26-B31B-B3FD447C9DEE}.Debug|x64.Build.0 = Debug|Any CPU
		{0961F0BA-63F2-4B26-B31B-B3FD447C9DEE}.Debug|x86.ActiveCfg = Debug|Any CPU
		{0961F0BA-63F2-4B26-B31B-B3FD447C9DEE}.Debug|x86.Build.0 = Debug|Any CPU
		{0961F0BA-63F2-4B26-B31B-B3FD447C9DEE}.Release|Any CPU.ActiveCfg = Release|Any CPU
		{0961F0BA-63F2-4B26-B31B-B3FD447C9DEE}.Release|Any CPU.Build.0 = Release|Any CPU
		{0961F0BA-63F2-4B26-B31B-B3FD447C9DEE}.Release|ARM.ActiveCfg = Release|Any CPU
		{0961F0BA-63F2-4B26-B31B-B3FD447C9DEE}.Release|ARM.Build.0 = Release|Any CPU
		{0961F0BA-63F2-4B26-B31B-B3FD447C9DEE}.Release|iPhone.ActiveCfg = Release|Any CPU
		{0961F0BA-63F2-4B26-B31B-B3FD447C9DEE}.Release|iPhone.Build.0 = Release|Any CPU
		{0961F0BA-63F2-4B26-B31B-B3FD447C9DEE}.Release|iPhoneSimulator.ActiveCfg = Release|Any CPU
		{0961F0BA-63F2-4B26-B31B-B3FD447C9DEE}.Release|iPhoneSimulator.Build.0 = Release|Any CPU
		{0961F0BA-63F2-4B26-B31B-B3FD447C9DEE}.Release|x64.ActiveCfg = Release|Any CPU
		{0961F0BA-63F2-4B26-B31B-B3FD447C9DEE}.Release|x64.Build.0 = Release|Any CPU
		{0961F0BA-63F2-4B26-B31B-B3FD447C9DEE}.Release|x86.ActiveCfg = Release|Any CPU
		{0961F0BA-63F2-4B26-B31B-B3FD447C9DEE}.Release|x86.Build.0 = Release|Any CPU
		{612CC2FC-456F-4B56-9535-328AB6260951}.Debug|Any CPU.ActiveCfg = Debug|Any CPU
		{612CC2FC-456F-4B56-9535-328AB6260951}.Debug|Any CPU.Build.0 = Debug|Any CPU
		{612CC2FC-456F-4B56-9535-328AB6260951}.Debug|ARM.ActiveCfg = Debug|Any CPU
		{612CC2FC-456F-4B56-9535-328AB6260951}.Debug|ARM.Build.0 = Debug|Any CPU
		{612CC2FC-456F-4B56-9535-328AB6260951}.Debug|iPhone.ActiveCfg = Debug|Any CPU
		{612CC2FC-456F-4B56-9535-328AB6260951}.Debug|iPhone.Build.0 = Debug|Any CPU
		{612CC2FC-456F-4B56-9535-328AB6260951}.Debug|iPhoneSimulator.ActiveCfg = Debug|Any CPU
		{612CC2FC-456F-4B56-9535-328AB6260951}.Debug|iPhoneSimulator.Build.0 = Debug|Any CPU
		{612CC2FC-456F-4B56-9535-328AB6260951}.Debug|x64.ActiveCfg = Debug|Any CPU
		{612CC2FC-456F-4B56-9535-328AB6260951}.Debug|x64.Build.0 = Debug|Any CPU
		{612CC2FC-456F-4B56-9535-328AB6260951}.Debug|x86.ActiveCfg = Debug|Any CPU
		{612CC2FC-456F-4B56-9535-328AB6260951}.Debug|x86.Build.0 = Debug|Any CPU
		{612CC2FC-456F-4B56-9535-328AB6260951}.Release|Any CPU.ActiveCfg = Release|Any CPU
		{612CC2FC-456F-4B56-9535-328AB6260951}.Release|Any CPU.Build.0 = Release|Any CPU
		{612CC2FC-456F-4B56-9535-328AB6260951}.Release|ARM.ActiveCfg = Release|Any CPU
		{612CC2FC-456F-4B56-9535-328AB6260951}.Release|ARM.Build.0 = Release|Any CPU
		{612CC2FC-456F-4B56-9535-328AB6260951}.Release|iPhone.ActiveCfg = Release|Any CPU
		{612CC2FC-456F-4B56-9535-328AB6260951}.Release|iPhone.Build.0 = Release|Any CPU
		{612CC2FC-456F-4B56-9535-328AB6260951}.Release|iPhoneSimulator.ActiveCfg = Release|Any CPU
		{612CC2FC-456F-4B56-9535-328AB6260951}.Release|iPhoneSimulator.Build.0 = Release|Any CPU
		{612CC2FC-456F-4B56-9535-328AB6260951}.Release|x64.ActiveCfg = Release|Any CPU
		{612CC2FC-456F-4B56-9535-328AB6260951}.Release|x64.Build.0 = Release|Any CPU
		{612CC2FC-456F-4B56-9535-328AB6260951}.Release|x86.ActiveCfg = Release|Any CPU
		{612CC2FC-456F-4B56-9535-328AB6260951}.Release|x86.Build.0 = Release|Any CPU
		{952A73B3-CD9E-4A82-9030-02433C655890}.Debug|Any CPU.ActiveCfg = Debug|Any CPU
		{952A73B3-CD9E-4A82-9030-02433C655890}.Debug|Any CPU.Build.0 = Debug|Any CPU
		{952A73B3-CD9E-4A82-9030-02433C655890}.Debug|ARM.ActiveCfg = Debug|Any CPU
		{952A73B3-CD9E-4A82-9030-02433C655890}.Debug|ARM.Build.0 = Debug|Any CPU
		{952A73B3-CD9E-4A82-9030-02433C655890}.Debug|iPhone.ActiveCfg = Debug|Any CPU
		{952A73B3-CD9E-4A82-9030-02433C655890}.Debug|iPhone.Build.0 = Debug|Any CPU
		{952A73B3-CD9E-4A82-9030-02433C655890}.Debug|iPhoneSimulator.ActiveCfg = Debug|Any CPU
		{952A73B3-CD9E-4A82-9030-02433C655890}.Debug|iPhoneSimulator.Build.0 = Debug|Any CPU
		{952A73B3-CD9E-4A82-9030-02433C655890}.Debug|x64.ActiveCfg = Debug|Any CPU
		{952A73B3-CD9E-4A82-9030-02433C655890}.Debug|x64.Build.0 = Debug|Any CPU
		{952A73B3-CD9E-4A82-9030-02433C655890}.Debug|x86.ActiveCfg = Debug|Any CPU
		{952A73B3-CD9E-4A82-9030-02433C655890}.Debug|x86.Build.0 = Debug|Any CPU
		{952A73B3-CD9E-4A82-9030-02433C655890}.Release|Any CPU.ActiveCfg = Release|Any CPU
		{952A73B3-CD9E-4A82-9030-02433C655890}.Release|Any CPU.Build.0 = Release|Any CPU
		{952A73B3-CD9E-4A82-9030-02433C655890}.Release|ARM.ActiveCfg = Release|Any CPU
		{952A73B3-CD9E-4A82-9030-02433C655890}.Release|ARM.Build.0 = Release|Any CPU
		{952A73B3-CD9E-4A82-9030-02433C655890}.Release|iPhone.ActiveCfg = Release|Any CPU
		{952A73B3-CD9E-4A82-9030-02433C655890}.Release|iPhone.Build.0 = Release|Any CPU
		{952A73B3-CD9E-4A82-9030-02433C655890}.Release|iPhoneSimulator.ActiveCfg = Release|Any CPU
		{952A73B3-CD9E-4A82-9030-02433C655890}.Release|iPhoneSimulator.Build.0 = Release|Any CPU
		{952A73B3-CD9E-4A82-9030-02433C655890}.Release|x64.ActiveCfg = Release|Any CPU
		{952A73B3-CD9E-4A82-9030-02433C655890}.Release|x64.Build.0 = Release|Any CPU
		{952A73B3-CD9E-4A82-9030-02433C655890}.Release|x86.ActiveCfg = Release|Any CPU
		{952A73B3-CD9E-4A82-9030-02433C655890}.Release|x86.Build.0 = Release|Any CPU
		{4C50AB23-509A-4C0F-9C75-C9D6F6631C70}.Debug|Any CPU.ActiveCfg = Debug|Any CPU
		{4C50AB23-509A-4C0F-9C75-C9D6F6631C70}.Debug|Any CPU.Build.0 = Debug|Any CPU
		{4C50AB23-509A-4C0F-9C75-C9D6F6631C70}.Debug|ARM.ActiveCfg = Debug|Any CPU
		{4C50AB23-509A-4C0F-9C75-C9D6F6631C70}.Debug|ARM.Build.0 = Debug|Any CPU
		{4C50AB23-509A-4C0F-9C75-C9D6F6631C70}.Debug|iPhone.ActiveCfg = Debug|Any CPU
		{4C50AB23-509A-4C0F-9C75-C9D6F6631C70}.Debug|iPhone.Build.0 = Debug|Any CPU
		{4C50AB23-509A-4C0F-9C75-C9D6F6631C70}.Debug|iPhoneSimulator.ActiveCfg = Debug|Any CPU
		{4C50AB23-509A-4C0F-9C75-C9D6F6631C70}.Debug|iPhoneSimulator.Build.0 = Debug|Any CPU
		{4C50AB23-509A-4C0F-9C75-C9D6F6631C70}.Debug|x64.ActiveCfg = Debug|Any CPU
		{4C50AB23-509A-4C0F-9C75-C9D6F6631C70}.Debug|x64.Build.0 = Debug|Any CPU
		{4C50AB23-509A-4C0F-9C75-C9D6F6631C70}.Debug|x86.ActiveCfg = Debug|Any CPU
		{4C50AB23-509A-4C0F-9C75-C9D6F6631C70}.Debug|x86.Build.0 = Debug|Any CPU
		{4C50AB23-509A-4C0F-9C75-C9D6F6631C70}.Release|Any CPU.ActiveCfg = Release|Any CPU
		{4C50AB23-509A-4C0F-9C75-C9D6F6631C70}.Release|Any CPU.Build.0 = Release|Any CPU
		{4C50AB23-509A-4C0F-9C75-C9D6F6631C70}.Release|ARM.ActiveCfg = Release|Any CPU
		{4C50AB23-509A-4C0F-9C75-C9D6F6631C70}.Release|ARM.Build.0 = Release|Any CPU
		{4C50AB23-509A-4C0F-9C75-C9D6F6631C70}.Release|iPhone.ActiveCfg = Release|Any CPU
		{4C50AB23-509A-4C0F-9C75-C9D6F6631C70}.Release|iPhone.Build.0 = Release|Any CPU
		{4C50AB23-509A-4C0F-9C75-C9D6F6631C70}.Release|iPhoneSimulator.ActiveCfg = Release|Any CPU
		{4C50AB23-509A-4C0F-9C75-C9D6F6631C70}.Release|iPhoneSimulator.Build.0 = Release|Any CPU
		{4C50AB23-509A-4C0F-9C75-C9D6F6631C70}.Release|x64.ActiveCfg = Release|Any CPU
		{4C50AB23-509A-4C0F-9C75-C9D6F6631C70}.Release|x64.Build.0 = Release|Any CPU
		{4C50AB23-509A-4C0F-9C75-C9D6F6631C70}.Release|x86.ActiveCfg = Release|Any CPU
		{4C50AB23-509A-4C0F-9C75-C9D6F6631C70}.Release|x86.Build.0 = Release|Any CPU
		{3D4E3EF0-AF53-46AC-8CA7-1EF47D21E823}.Debug|Any CPU.ActiveCfg = Debug|Any CPU
		{3D4E3EF0-AF53-46AC-8CA7-1EF47D21E823}.Debug|Any CPU.Build.0 = Debug|Any CPU
		{3D4E3EF0-AF53-46AC-8CA7-1EF47D21E823}.Debug|ARM.ActiveCfg = Debug|Any CPU
		{3D4E3EF0-AF53-46AC-8CA7-1EF47D21E823}.Debug|ARM.Build.0 = Debug|Any CPU
		{3D4E3EF0-AF53-46AC-8CA7-1EF47D21E823}.Debug|iPhone.ActiveCfg = Debug|Any CPU
		{3D4E3EF0-AF53-46AC-8CA7-1EF47D21E823}.Debug|iPhone.Build.0 = Debug|Any CPU
		{3D4E3EF0-AF53-46AC-8CA7-1EF47D21E823}.Debug|iPhoneSimulator.ActiveCfg = Debug|Any CPU
		{3D4E3EF0-AF53-46AC-8CA7-1EF47D21E823}.Debug|iPhoneSimulator.Build.0 = Debug|Any CPU
		{3D4E3EF0-AF53-46AC-8CA7-1EF47D21E823}.Debug|x64.ActiveCfg = Debug|Any CPU
		{3D4E3EF0-AF53-46AC-8CA7-1EF47D21E823}.Debug|x64.Build.0 = Debug|Any CPU
		{3D4E3EF0-AF53-46AC-8CA7-1EF47D21E823}.Debug|x86.ActiveCfg = Debug|Any CPU
		{3D4E3EF0-AF53-46AC-8CA7-1EF47D21E823}.Debug|x86.Build.0 = Debug|Any CPU
		{3D4E3EF0-AF53-46AC-8CA7-1EF47D21E823}.Release|Any CPU.ActiveCfg = Release|Any CPU
		{3D4E3EF0-AF53-46AC-8CA7-1EF47D21E823}.Release|Any CPU.Build.0 = Release|Any CPU
		{3D4E3EF0-AF53-46AC-8CA7-1EF47D21E823}.Release|ARM.ActiveCfg = Release|Any CPU
		{3D4E3EF0-AF53-46AC-8CA7-1EF47D21E823}.Release|ARM.Build.0 = Release|Any CPU
		{3D4E3EF0-AF53-46AC-8CA7-1EF47D21E823}.Release|iPhone.ActiveCfg = Release|Any CPU
		{3D4E3EF0-AF53-46AC-8CA7-1EF47D21E823}.Release|iPhone.Build.0 = Release|Any CPU
		{3D4E3EF0-AF53-46AC-8CA7-1EF47D21E823}.Release|iPhoneSimulator.ActiveCfg = Release|Any CPU
		{3D4E3EF0-AF53-46AC-8CA7-1EF47D21E823}.Release|iPhoneSimulator.Build.0 = Release|Any CPU
		{3D4E3EF0-AF53-46AC-8CA7-1EF47D21E823}.Release|x64.ActiveCfg = Release|Any CPU
		{3D4E3EF0-AF53-46AC-8CA7-1EF47D21E823}.Release|x64.Build.0 = Release|Any CPU
		{3D4E3EF0-AF53-46AC-8CA7-1EF47D21E823}.Release|x86.ActiveCfg = Release|Any CPU
		{3D4E3EF0-AF53-46AC-8CA7-1EF47D21E823}.Release|x86.Build.0 = Release|Any CPU
		{0B6A070A-F73F-4A43-8003-74BC7C437557}.Debug|Any CPU.ActiveCfg = Debug|Any CPU
		{0B6A070A-F73F-4A43-8003-74BC7C437557}.Debug|Any CPU.Build.0 = Debug|Any CPU
		{0B6A070A-F73F-4A43-8003-74BC7C437557}.Debug|ARM.ActiveCfg = Debug|Any CPU
		{0B6A070A-F73F-4A43-8003-74BC7C437557}.Debug|ARM.Build.0 = Debug|Any CPU
		{0B6A070A-F73F-4A43-8003-74BC7C437557}.Debug|iPhone.ActiveCfg = Debug|Any CPU
		{0B6A070A-F73F-4A43-8003-74BC7C437557}.Debug|iPhone.Build.0 = Debug|Any CPU
		{0B6A070A-F73F-4A43-8003-74BC7C437557}.Debug|iPhoneSimulator.ActiveCfg = Debug|Any CPU
		{0B6A070A-F73F-4A43-8003-74BC7C437557}.Debug|iPhoneSimulator.Build.0 = Debug|Any CPU
		{0B6A070A-F73F-4A43-8003-74BC7C437557}.Debug|x64.ActiveCfg = Debug|Any CPU
		{0B6A070A-F73F-4A43-8003-74BC7C437557}.Debug|x64.Build.0 = Debug|Any CPU
		{0B6A070A-F73F-4A43-8003-74BC7C437557}.Debug|x86.ActiveCfg = Debug|Any CPU
		{0B6A070A-F73F-4A43-8003-74BC7C437557}.Debug|x86.Build.0 = Debug|Any CPU
		{0B6A070A-F73F-4A43-8003-74BC7C437557}.Release|Any CPU.ActiveCfg = Release|Any CPU
		{0B6A070A-F73F-4A43-8003-74BC7C437557}.Release|Any CPU.Build.0 = Release|Any CPU
		{0B6A070A-F73F-4A43-8003-74BC7C437557}.Release|ARM.ActiveCfg = Release|Any CPU
		{0B6A070A-F73F-4A43-8003-74BC7C437557}.Release|ARM.Build.0 = Release|Any CPU
		{0B6A070A-F73F-4A43-8003-74BC7C437557}.Release|iPhone.ActiveCfg = Release|Any CPU
		{0B6A070A-F73F-4A43-8003-74BC7C437557}.Release|iPhone.Build.0 = Release|Any CPU
		{0B6A070A-F73F-4A43-8003-74BC7C437557}.Release|iPhoneSimulator.ActiveCfg = Release|Any CPU
		{0B6A070A-F73F-4A43-8003-74BC7C437557}.Release|iPhoneSimulator.Build.0 = Release|Any CPU
		{0B6A070A-F73F-4A43-8003-74BC7C437557}.Release|x64.ActiveCfg = Release|Any CPU
		{0B6A070A-F73F-4A43-8003-74BC7C437557}.Release|x64.Build.0 = Release|Any CPU
		{0B6A070A-F73F-4A43-8003-74BC7C437557}.Release|x86.ActiveCfg = Release|Any CPU
		{0B6A070A-F73F-4A43-8003-74BC7C437557}.Release|x86.Build.0 = Release|Any CPU
		{F1E4B3A8-3BB8-445F-A295-4D16931E2211}.Debug|Any CPU.ActiveCfg = Debug|Any CPU
		{F1E4B3A8-3BB8-445F-A295-4D16931E2211}.Debug|Any CPU.Build.0 = Debug|Any CPU
		{F1E4B3A8-3BB8-445F-A295-4D16931E2211}.Debug|ARM.ActiveCfg = Debug|Any CPU
		{F1E4B3A8-3BB8-445F-A295-4D16931E2211}.Debug|ARM.Build.0 = Debug|Any CPU
		{F1E4B3A8-3BB8-445F-A295-4D16931E2211}.Debug|iPhone.ActiveCfg = Debug|Any CPU
		{F1E4B3A8-3BB8-445F-A295-4D16931E2211}.Debug|iPhone.Build.0 = Debug|Any CPU
		{F1E4B3A8-3BB8-445F-A295-4D16931E2211}.Debug|iPhoneSimulator.ActiveCfg = Debug|Any CPU
		{F1E4B3A8-3BB8-445F-A295-4D16931E2211}.Debug|iPhoneSimulator.Build.0 = Debug|Any CPU
		{F1E4B3A8-3BB8-445F-A295-4D16931E2211}.Debug|x64.ActiveCfg = Debug|Any CPU
		{F1E4B3A8-3BB8-445F-A295-4D16931E2211}.Debug|x64.Build.0 = Debug|Any CPU
		{F1E4B3A8-3BB8-445F-A295-4D16931E2211}.Debug|x86.ActiveCfg = Debug|Any CPU
		{F1E4B3A8-3BB8-445F-A295-4D16931E2211}.Debug|x86.Build.0 = Debug|Any CPU
		{F1E4B3A8-3BB8-445F-A295-4D16931E2211}.Release|Any CPU.ActiveCfg = Release|Any CPU
		{F1E4B3A8-3BB8-445F-A295-4D16931E2211}.Release|Any CPU.Build.0 = Release|Any CPU
		{F1E4B3A8-3BB8-445F-A295-4D16931E2211}.Release|ARM.ActiveCfg = Release|Any CPU
		{F1E4B3A8-3BB8-445F-A295-4D16931E2211}.Release|ARM.Build.0 = Release|Any CPU
		{F1E4B3A8-3BB8-445F-A295-4D16931E2211}.Release|iPhone.ActiveCfg = Release|Any CPU
		{F1E4B3A8-3BB8-445F-A295-4D16931E2211}.Release|iPhone.Build.0 = Release|Any CPU
		{F1E4B3A8-3BB8-445F-A295-4D16931E2211}.Release|iPhoneSimulator.ActiveCfg = Release|Any CPU
		{F1E4B3A8-3BB8-445F-A295-4D16931E2211}.Release|iPhoneSimulator.Build.0 = Release|Any CPU
		{F1E4B3A8-3BB8-445F-A295-4D16931E2211}.Release|x64.ActiveCfg = Release|Any CPU
		{F1E4B3A8-3BB8-445F-A295-4D16931E2211}.Release|x64.Build.0 = Release|Any CPU
		{F1E4B3A8-3BB8-445F-A295-4D16931E2211}.Release|x86.ActiveCfg = Release|Any CPU
		{F1E4B3A8-3BB8-445F-A295-4D16931E2211}.Release|x86.Build.0 = Release|Any CPU
		{6761BBC1-E76C-493A-89B7-A2966F8FB64C}.Debug|Any CPU.ActiveCfg = Debug|Any CPU
		{6761BBC1-E76C-493A-89B7-A2966F8FB64C}.Debug|Any CPU.Build.0 = Debug|Any CPU
		{6761BBC1-E76C-493A-89B7-A2966F8FB64C}.Debug|ARM.ActiveCfg = Debug|Any CPU
		{6761BBC1-E76C-493A-89B7-A2966F8FB64C}.Debug|ARM.Build.0 = Debug|Any CPU
		{6761BBC1-E76C-493A-89B7-A2966F8FB64C}.Debug|iPhone.ActiveCfg = Debug|Any CPU
		{6761BBC1-E76C-493A-89B7-A2966F8FB64C}.Debug|iPhone.Build.0 = Debug|Any CPU
		{6761BBC1-E76C-493A-89B7-A2966F8FB64C}.Debug|iPhoneSimulator.ActiveCfg = Debug|Any CPU
		{6761BBC1-E76C-493A-89B7-A2966F8FB64C}.Debug|iPhoneSimulator.Build.0 = Debug|Any CPU
		{6761BBC1-E76C-493A-89B7-A2966F8FB64C}.Debug|x64.ActiveCfg = Debug|Any CPU
		{6761BBC1-E76C-493A-89B7-A2966F8FB64C}.Debug|x64.Build.0 = Debug|Any CPU
		{6761BBC1-E76C-493A-89B7-A2966F8FB64C}.Debug|x86.ActiveCfg = Debug|Any CPU
		{6761BBC1-E76C-493A-89B7-A2966F8FB64C}.Debug|x86.Build.0 = Debug|Any CPU
		{6761BBC1-E76C-493A-89B7-A2966F8FB64C}.Release|Any CPU.ActiveCfg = Release|Any CPU
		{6761BBC1-E76C-493A-89B7-A2966F8FB64C}.Release|Any CPU.Build.0 = Release|Any CPU
		{6761BBC1-E76C-493A-89B7-A2966F8FB64C}.Release|ARM.ActiveCfg = Release|Any CPU
		{6761BBC1-E76C-493A-89B7-A2966F8FB64C}.Release|ARM.Build.0 = Release|Any CPU
		{6761BBC1-E76C-493A-89B7-A2966F8FB64C}.Release|iPhone.ActiveCfg = Release|Any CPU
		{6761BBC1-E76C-493A-89B7-A2966F8FB64C}.Release|iPhone.Build.0 = Release|Any CPU
		{6761BBC1-E76C-493A-89B7-A2966F8FB64C}.Release|iPhoneSimulator.ActiveCfg = Release|Any CPU
		{6761BBC1-E76C-493A-89B7-A2966F8FB64C}.Release|iPhoneSimulator.Build.0 = Release|Any CPU
		{6761BBC1-E76C-493A-89B7-A2966F8FB64C}.Release|x64.ActiveCfg = Release|Any CPU
		{6761BBC1-E76C-493A-89B7-A2966F8FB64C}.Release|x64.Build.0 = Release|Any CPU
		{6761BBC1-E76C-493A-89B7-A2966F8FB64C}.Release|x86.ActiveCfg = Release|Any CPU
		{6761BBC1-E76C-493A-89B7-A2966F8FB64C}.Release|x86.Build.0 = Release|Any CPU
		{5CD0905F-647C-46DB-B8E7-660807EE95B2}.Debug|Any CPU.ActiveCfg = Debug|Any CPU
		{5CD0905F-647C-46DB-B8E7-660807EE95B2}.Debug|Any CPU.Build.0 = Debug|Any CPU
		{5CD0905F-647C-46DB-B8E7-660807EE95B2}.Debug|ARM.ActiveCfg = Debug|Any CPU
		{5CD0905F-647C-46DB-B8E7-660807EE95B2}.Debug|ARM.Build.0 = Debug|Any CPU
		{5CD0905F-647C-46DB-B8E7-660807EE95B2}.Debug|iPhone.ActiveCfg = Debug|Any CPU
		{5CD0905F-647C-46DB-B8E7-660807EE95B2}.Debug|iPhone.Build.0 = Debug|Any CPU
		{5CD0905F-647C-46DB-B8E7-660807EE95B2}.Debug|iPhoneSimulator.ActiveCfg = Debug|Any CPU
		{5CD0905F-647C-46DB-B8E7-660807EE95B2}.Debug|iPhoneSimulator.Build.0 = Debug|Any CPU
		{5CD0905F-647C-46DB-B8E7-660807EE95B2}.Debug|x64.ActiveCfg = Debug|Any CPU
		{5CD0905F-647C-46DB-B8E7-660807EE95B2}.Debug|x64.Build.0 = Debug|Any CPU
		{5CD0905F-647C-46DB-B8E7-660807EE95B2}.Debug|x86.ActiveCfg = Debug|Any CPU
		{5CD0905F-647C-46DB-B8E7-660807EE95B2}.Debug|x86.Build.0 = Debug|Any CPU
		{5CD0905F-647C-46DB-B8E7-660807EE95B2}.Release|Any CPU.ActiveCfg = Release|Any CPU
		{5CD0905F-647C-46DB-B8E7-660807EE95B2}.Release|Any CPU.Build.0 = Release|Any CPU
		{5CD0905F-647C-46DB-B8E7-660807EE95B2}.Release|ARM.ActiveCfg = Release|Any CPU
		{5CD0905F-647C-46DB-B8E7-660807EE95B2}.Release|ARM.Build.0 = Release|Any CPU
		{5CD0905F-647C-46DB-B8E7-660807EE95B2}.Release|iPhone.ActiveCfg = Release|Any CPU
		{5CD0905F-647C-46DB-B8E7-660807EE95B2}.Release|iPhone.Build.0 = Release|Any CPU
		{5CD0905F-647C-46DB-B8E7-660807EE95B2}.Release|iPhoneSimulator.ActiveCfg = Release|Any CPU
		{5CD0905F-647C-46DB-B8E7-660807EE95B2}.Release|iPhoneSimulator.Build.0 = Release|Any CPU
		{5CD0905F-647C-46DB-B8E7-660807EE95B2}.Release|x64.ActiveCfg = Release|Any CPU
		{5CD0905F-647C-46DB-B8E7-660807EE95B2}.Release|x64.Build.0 = Release|Any CPU
		{5CD0905F-647C-46DB-B8E7-660807EE95B2}.Release|x86.ActiveCfg = Release|Any CPU
		{5CD0905F-647C-46DB-B8E7-660807EE95B2}.Release|x86.Build.0 = Release|Any CPU
		{74F299C5-0056-4C63-ABBC-C777F4D33ED5}.Debug|Any CPU.ActiveCfg = Debug|Any CPU
		{74F299C5-0056-4C63-ABBC-C777F4D33ED5}.Debug|Any CPU.Build.0 = Debug|Any CPU
		{74F299C5-0056-4C63-ABBC-C777F4D33ED5}.Debug|ARM.ActiveCfg = Debug|Any CPU
		{74F299C5-0056-4C63-ABBC-C777F4D33ED5}.Debug|ARM.Build.0 = Debug|Any CPU
		{74F299C5-0056-4C63-ABBC-C777F4D33ED5}.Debug|iPhone.ActiveCfg = Debug|Any CPU
		{74F299C5-0056-4C63-ABBC-C777F4D33ED5}.Debug|iPhone.Build.0 = Debug|Any CPU
		{74F299C5-0056-4C63-ABBC-C777F4D33ED5}.Debug|iPhoneSimulator.ActiveCfg = Debug|Any CPU
		{74F299C5-0056-4C63-ABBC-C777F4D33ED5}.Debug|iPhoneSimulator.Build.0 = Debug|Any CPU
		{74F299C5-0056-4C63-ABBC-C777F4D33ED5}.Debug|x64.ActiveCfg = Debug|Any CPU
		{74F299C5-0056-4C63-ABBC-C777F4D33ED5}.Debug|x64.Build.0 = Debug|Any CPU
		{74F299C5-0056-4C63-ABBC-C777F4D33ED5}.Debug|x86.ActiveCfg = Debug|Any CPU
		{74F299C5-0056-4C63-ABBC-C777F4D33ED5}.Debug|x86.Build.0 = Debug|Any CPU
		{74F299C5-0056-4C63-ABBC-C777F4D33ED5}.Release|Any CPU.ActiveCfg = Release|Any CPU
		{74F299C5-0056-4C63-ABBC-C777F4D33ED5}.Release|Any CPU.Build.0 = Release|Any CPU
		{74F299C5-0056-4C63-ABBC-C777F4D33ED5}.Release|ARM.ActiveCfg = Release|Any CPU
		{74F299C5-0056-4C63-ABBC-C777F4D33ED5}.Release|ARM.Build.0 = Release|Any CPU
		{74F299C5-0056-4C63-ABBC-C777F4D33ED5}.Release|iPhone.ActiveCfg = Release|Any CPU
		{74F299C5-0056-4C63-ABBC-C777F4D33ED5}.Release|iPhone.Build.0 = Release|Any CPU
		{74F299C5-0056-4C63-ABBC-C777F4D33ED5}.Release|iPhoneSimulator.ActiveCfg = Release|Any CPU
		{74F299C5-0056-4C63-ABBC-C777F4D33ED5}.Release|iPhoneSimulator.Build.0 = Release|Any CPU
		{74F299C5-0056-4C63-ABBC-C777F4D33ED5}.Release|x64.ActiveCfg = Release|Any CPU
		{74F299C5-0056-4C63-ABBC-C777F4D33ED5}.Release|x64.Build.0 = Release|Any CPU
		{74F299C5-0056-4C63-ABBC-C777F4D33ED5}.Release|x86.ActiveCfg = Release|Any CPU
		{74F299C5-0056-4C63-ABBC-C777F4D33ED5}.Release|x86.Build.0 = Release|Any CPU
		{89BCFE6C-7D1F-4370-998D-545D52250F94}.Debug|Any CPU.ActiveCfg = Debug|Any CPU
		{89BCFE6C-7D1F-4370-998D-545D52250F94}.Debug|Any CPU.Build.0 = Debug|Any CPU
		{89BCFE6C-7D1F-4370-998D-545D52250F94}.Debug|ARM.ActiveCfg = Debug|Any CPU
		{89BCFE6C-7D1F-4370-998D-545D52250F94}.Debug|ARM.Build.0 = Debug|Any CPU
		{89BCFE6C-7D1F-4370-998D-545D52250F94}.Debug|iPhone.ActiveCfg = Debug|Any CPU
		{89BCFE6C-7D1F-4370-998D-545D52250F94}.Debug|iPhone.Build.0 = Debug|Any CPU
		{89BCFE6C-7D1F-4370-998D-545D52250F94}.Debug|iPhoneSimulator.ActiveCfg = Debug|Any CPU
		{89BCFE6C-7D1F-4370-998D-545D52250F94}.Debug|iPhoneSimulator.Build.0 = Debug|Any CPU
		{89BCFE6C-7D1F-4370-998D-545D52250F94}.Debug|x64.ActiveCfg = Debug|Any CPU
		{89BCFE6C-7D1F-4370-998D-545D52250F94}.Debug|x64.Build.0 = Debug|Any CPU
		{89BCFE6C-7D1F-4370-998D-545D52250F94}.Debug|x86.ActiveCfg = Debug|Any CPU
		{89BCFE6C-7D1F-4370-998D-545D52250F94}.Debug|x86.Build.0 = Debug|Any CPU
		{89BCFE6C-7D1F-4370-998D-545D52250F94}.Release|Any CPU.ActiveCfg = Release|Any CPU
		{89BCFE6C-7D1F-4370-998D-545D52250F94}.Release|Any CPU.Build.0 = Release|Any CPU
		{89BCFE6C-7D1F-4370-998D-545D52250F94}.Release|ARM.ActiveCfg = Release|Any CPU
		{89BCFE6C-7D1F-4370-998D-545D52250F94}.Release|ARM.Build.0 = Release|Any CPU
		{89BCFE6C-7D1F-4370-998D-545D52250F94}.Release|iPhone.ActiveCfg = Release|Any CPU
		{89BCFE6C-7D1F-4370-998D-545D52250F94}.Release|iPhone.Build.0 = Release|Any CPU
		{89BCFE6C-7D1F-4370-998D-545D52250F94}.Release|iPhoneSimulator.ActiveCfg = Release|Any CPU
		{89BCFE6C-7D1F-4370-998D-545D52250F94}.Release|iPhoneSimulator.Build.0 = Release|Any CPU
		{89BCFE6C-7D1F-4370-998D-545D52250F94}.Release|x64.ActiveCfg = Release|Any CPU
		{89BCFE6C-7D1F-4370-998D-545D52250F94}.Release|x64.Build.0 = Release|Any CPU
		{89BCFE6C-7D1F-4370-998D-545D52250F94}.Release|x86.ActiveCfg = Release|Any CPU
		{89BCFE6C-7D1F-4370-998D-545D52250F94}.Release|x86.Build.0 = Release|Any CPU
		{D3F59FAE-5693-466B-9226-C892A6EEB822}.Debug|Any CPU.ActiveCfg = Debug|Any CPU
		{D3F59FAE-5693-466B-9226-C892A6EEB822}.Debug|Any CPU.Build.0 = Debug|Any CPU
		{D3F59FAE-5693-466B-9226-C892A6EEB822}.Debug|ARM.ActiveCfg = Debug|Any CPU
		{D3F59FAE-5693-466B-9226-C892A6EEB822}.Debug|ARM.Build.0 = Debug|Any CPU
		{D3F59FAE-5693-466B-9226-C892A6EEB822}.Debug|iPhone.ActiveCfg = Debug|Any CPU
		{D3F59FAE-5693-466B-9226-C892A6EEB822}.Debug|iPhone.Build.0 = Debug|Any CPU
		{D3F59FAE-5693-466B-9226-C892A6EEB822}.Debug|iPhoneSimulator.ActiveCfg = Debug|Any CPU
		{D3F59FAE-5693-466B-9226-C892A6EEB822}.Debug|iPhoneSimulator.Build.0 = Debug|Any CPU
		{D3F59FAE-5693-466B-9226-C892A6EEB822}.Debug|x64.ActiveCfg = Debug|Any CPU
		{D3F59FAE-5693-466B-9226-C892A6EEB822}.Debug|x64.Build.0 = Debug|Any CPU
		{D3F59FAE-5693-466B-9226-C892A6EEB822}.Debug|x86.ActiveCfg = Debug|Any CPU
		{D3F59FAE-5693-466B-9226-C892A6EEB822}.Debug|x86.Build.0 = Debug|Any CPU
		{D3F59FAE-5693-466B-9226-C892A6EEB822}.Release|Any CPU.ActiveCfg = Release|Any CPU
		{D3F59FAE-5693-466B-9226-C892A6EEB822}.Release|Any CPU.Build.0 = Release|Any CPU
		{D3F59FAE-5693-466B-9226-C892A6EEB822}.Release|ARM.ActiveCfg = Release|Any CPU
		{D3F59FAE-5693-466B-9226-C892A6EEB822}.Release|ARM.Build.0 = Release|Any CPU
		{D3F59FAE-5693-466B-9226-C892A6EEB822}.Release|iPhone.ActiveCfg = Release|Any CPU
		{D3F59FAE-5693-466B-9226-C892A6EEB822}.Release|iPhone.Build.0 = Release|Any CPU
		{D3F59FAE-5693-466B-9226-C892A6EEB822}.Release|iPhoneSimulator.ActiveCfg = Release|Any CPU
		{D3F59FAE-5693-466B-9226-C892A6EEB822}.Release|iPhoneSimulator.Build.0 = Release|Any CPU
		{D3F59FAE-5693-466B-9226-C892A6EEB822}.Release|x64.ActiveCfg = Release|Any CPU
		{D3F59FAE-5693-466B-9226-C892A6EEB822}.Release|x64.Build.0 = Release|Any CPU
		{D3F59FAE-5693-466B-9226-C892A6EEB822}.Release|x86.ActiveCfg = Release|Any CPU
		{D3F59FAE-5693-466B-9226-C892A6EEB822}.Release|x86.Build.0 = Release|Any CPU
		{7901BDD5-67BE-4CFD-9C14-D29E8A7AED41}.Debug|Any CPU.ActiveCfg = Debug|x86
		{7901BDD5-67BE-4CFD-9C14-D29E8A7AED41}.Debug|Any CPU.Build.0 = Debug|x86
		{7901BDD5-67BE-4CFD-9C14-D29E8A7AED41}.Debug|ARM.ActiveCfg = Debug|ARM
		{7901BDD5-67BE-4CFD-9C14-D29E8A7AED41}.Debug|ARM.Build.0 = Debug|ARM
		{7901BDD5-67BE-4CFD-9C14-D29E8A7AED41}.Debug|ARM.Deploy.0 = Debug|ARM
		{7901BDD5-67BE-4CFD-9C14-D29E8A7AED41}.Debug|iPhone.ActiveCfg = Debug|x86
		{7901BDD5-67BE-4CFD-9C14-D29E8A7AED41}.Debug|iPhoneSimulator.ActiveCfg = Debug|x86
		{7901BDD5-67BE-4CFD-9C14-D29E8A7AED41}.Debug|x64.ActiveCfg = Debug|x64
		{7901BDD5-67BE-4CFD-9C14-D29E8A7AED41}.Debug|x64.Build.0 = Debug|x64
		{7901BDD5-67BE-4CFD-9C14-D29E8A7AED41}.Debug|x64.Deploy.0 = Debug|x64
		{7901BDD5-67BE-4CFD-9C14-D29E8A7AED41}.Debug|x86.ActiveCfg = Debug|x86
		{7901BDD5-67BE-4CFD-9C14-D29E8A7AED41}.Debug|x86.Build.0 = Debug|x86
		{7901BDD5-67BE-4CFD-9C14-D29E8A7AED41}.Debug|x86.Deploy.0 = Debug|x86
		{7901BDD5-67BE-4CFD-9C14-D29E8A7AED41}.Release|Any CPU.ActiveCfg = Release|x86
		{7901BDD5-67BE-4CFD-9C14-D29E8A7AED41}.Release|ARM.ActiveCfg = Release|ARM
		{7901BDD5-67BE-4CFD-9C14-D29E8A7AED41}.Release|ARM.Build.0 = Release|ARM
		{7901BDD5-67BE-4CFD-9C14-D29E8A7AED41}.Release|ARM.Deploy.0 = Release|ARM
		{7901BDD5-67BE-4CFD-9C14-D29E8A7AED41}.Release|iPhone.ActiveCfg = Release|x86
		{7901BDD5-67BE-4CFD-9C14-D29E8A7AED41}.Release|iPhoneSimulator.ActiveCfg = Release|x86
		{7901BDD5-67BE-4CFD-9C14-D29E8A7AED41}.Release|x64.ActiveCfg = Release|x64
		{7901BDD5-67BE-4CFD-9C14-D29E8A7AED41}.Release|x64.Build.0 = Release|x64
		{7901BDD5-67BE-4CFD-9C14-D29E8A7AED41}.Release|x64.Deploy.0 = Release|x64
		{7901BDD5-67BE-4CFD-9C14-D29E8A7AED41}.Release|x86.ActiveCfg = Release|x86
		{7901BDD5-67BE-4CFD-9C14-D29E8A7AED41}.Release|x86.Build.0 = Release|x86
		{7901BDD5-67BE-4CFD-9C14-D29E8A7AED41}.Release|x86.Deploy.0 = Release|x86
		{347EABF0-4B2A-4768-B33A-4575BBAE2CFC}.Debug|Any CPU.ActiveCfg = Debug|x86
		{347EABF0-4B2A-4768-B33A-4575BBAE2CFC}.Debug|Any CPU.Build.0 = Debug|x86
		{347EABF0-4B2A-4768-B33A-4575BBAE2CFC}.Debug|ARM.ActiveCfg = Debug|ARM
		{347EABF0-4B2A-4768-B33A-4575BBAE2CFC}.Debug|ARM.Build.0 = Debug|ARM
		{347EABF0-4B2A-4768-B33A-4575BBAE2CFC}.Debug|ARM.Deploy.0 = Debug|ARM
		{347EABF0-4B2A-4768-B33A-4575BBAE2CFC}.Debug|iPhone.ActiveCfg = Debug|x86
		{347EABF0-4B2A-4768-B33A-4575BBAE2CFC}.Debug|iPhoneSimulator.ActiveCfg = Debug|x86
		{347EABF0-4B2A-4768-B33A-4575BBAE2CFC}.Debug|x64.ActiveCfg = Debug|x64
		{347EABF0-4B2A-4768-B33A-4575BBAE2CFC}.Debug|x64.Build.0 = Debug|x64
		{347EABF0-4B2A-4768-B33A-4575BBAE2CFC}.Debug|x64.Deploy.0 = Debug|x64
		{347EABF0-4B2A-4768-B33A-4575BBAE2CFC}.Debug|x86.ActiveCfg = Debug|x86
		{347EABF0-4B2A-4768-B33A-4575BBAE2CFC}.Debug|x86.Build.0 = Debug|x86
		{347EABF0-4B2A-4768-B33A-4575BBAE2CFC}.Debug|x86.Deploy.0 = Debug|x86
		{347EABF0-4B2A-4768-B33A-4575BBAE2CFC}.Release|Any CPU.ActiveCfg = Release|x86
		{347EABF0-4B2A-4768-B33A-4575BBAE2CFC}.Release|ARM.ActiveCfg = Release|ARM
		{347EABF0-4B2A-4768-B33A-4575BBAE2CFC}.Release|ARM.Build.0 = Release|ARM
		{347EABF0-4B2A-4768-B33A-4575BBAE2CFC}.Release|ARM.Deploy.0 = Release|ARM
		{347EABF0-4B2A-4768-B33A-4575BBAE2CFC}.Release|iPhone.ActiveCfg = Release|x86
		{347EABF0-4B2A-4768-B33A-4575BBAE2CFC}.Release|iPhoneSimulator.ActiveCfg = Release|x86
		{347EABF0-4B2A-4768-B33A-4575BBAE2CFC}.Release|x64.ActiveCfg = Release|x64
		{347EABF0-4B2A-4768-B33A-4575BBAE2CFC}.Release|x64.Build.0 = Release|x64
		{347EABF0-4B2A-4768-B33A-4575BBAE2CFC}.Release|x64.Deploy.0 = Release|x64
		{347EABF0-4B2A-4768-B33A-4575BBAE2CFC}.Release|x86.ActiveCfg = Release|x86
		{347EABF0-4B2A-4768-B33A-4575BBAE2CFC}.Release|x86.Build.0 = Release|x86
		{347EABF0-4B2A-4768-B33A-4575BBAE2CFC}.Release|x86.Deploy.0 = Release|x86
		{045807DC-0509-486D-9BC0-6086AF4E27BA}.Debug|Any CPU.ActiveCfg = Debug|x86
		{045807DC-0509-486D-9BC0-6086AF4E27BA}.Debug|Any CPU.Build.0 = Debug|x86
		{045807DC-0509-486D-9BC0-6086AF4E27BA}.Debug|ARM.ActiveCfg = Debug|ARM
		{045807DC-0509-486D-9BC0-6086AF4E27BA}.Debug|ARM.Build.0 = Debug|ARM
		{045807DC-0509-486D-9BC0-6086AF4E27BA}.Debug|ARM.Deploy.0 = Debug|ARM
		{045807DC-0509-486D-9BC0-6086AF4E27BA}.Debug|iPhone.ActiveCfg = Debug|x86
		{045807DC-0509-486D-9BC0-6086AF4E27BA}.Debug|iPhoneSimulator.ActiveCfg = Debug|x86
		{045807DC-0509-486D-9BC0-6086AF4E27BA}.Debug|x64.ActiveCfg = Debug|x64
		{045807DC-0509-486D-9BC0-6086AF4E27BA}.Debug|x64.Build.0 = Debug|x64
		{045807DC-0509-486D-9BC0-6086AF4E27BA}.Debug|x64.Deploy.0 = Debug|x64
		{045807DC-0509-486D-9BC0-6086AF4E27BA}.Debug|x86.ActiveCfg = Debug|x86
		{045807DC-0509-486D-9BC0-6086AF4E27BA}.Debug|x86.Build.0 = Debug|x86
		{045807DC-0509-486D-9BC0-6086AF4E27BA}.Debug|x86.Deploy.0 = Debug|x86
		{045807DC-0509-486D-9BC0-6086AF4E27BA}.Release|Any CPU.ActiveCfg = Release|x86
		{045807DC-0509-486D-9BC0-6086AF4E27BA}.Release|ARM.ActiveCfg = Release|ARM
		{045807DC-0509-486D-9BC0-6086AF4E27BA}.Release|ARM.Build.0 = Release|ARM
		{045807DC-0509-486D-9BC0-6086AF4E27BA}.Release|ARM.Deploy.0 = Release|ARM
		{045807DC-0509-486D-9BC0-6086AF4E27BA}.Release|iPhone.ActiveCfg = Release|x86
		{045807DC-0509-486D-9BC0-6086AF4E27BA}.Release|iPhoneSimulator.ActiveCfg = Release|x86
		{045807DC-0509-486D-9BC0-6086AF4E27BA}.Release|x64.ActiveCfg = Release|x64
		{045807DC-0509-486D-9BC0-6086AF4E27BA}.Release|x64.Build.0 = Release|x64
		{045807DC-0509-486D-9BC0-6086AF4E27BA}.Release|x64.Deploy.0 = Release|x64
		{045807DC-0509-486D-9BC0-6086AF4E27BA}.Release|x86.ActiveCfg = Release|x86
		{045807DC-0509-486D-9BC0-6086AF4E27BA}.Release|x86.Build.0 = Release|x86
		{045807DC-0509-486D-9BC0-6086AF4E27BA}.Release|x86.Deploy.0 = Release|x86
		{79B5083B-7CA3-47AA-BFEE-4424B62E6412}.Debug|Any CPU.ActiveCfg = Debug|Any CPU
		{79B5083B-7CA3-47AA-BFEE-4424B62E6412}.Debug|Any CPU.Build.0 = Debug|Any CPU
		{79B5083B-7CA3-47AA-BFEE-4424B62E6412}.Debug|ARM.ActiveCfg = Debug|Any CPU
		{79B5083B-7CA3-47AA-BFEE-4424B62E6412}.Debug|ARM.Build.0 = Debug|Any CPU
		{79B5083B-7CA3-47AA-BFEE-4424B62E6412}.Debug|iPhone.ActiveCfg = Debug|Any CPU
		{79B5083B-7CA3-47AA-BFEE-4424B62E6412}.Debug|iPhone.Build.0 = Debug|Any CPU
		{79B5083B-7CA3-47AA-BFEE-4424B62E6412}.Debug|iPhoneSimulator.ActiveCfg = Debug|Any CPU
		{79B5083B-7CA3-47AA-BFEE-4424B62E6412}.Debug|iPhoneSimulator.Build.0 = Debug|Any CPU
		{79B5083B-7CA3-47AA-BFEE-4424B62E6412}.Debug|x64.ActiveCfg = Debug|Any CPU
		{79B5083B-7CA3-47AA-BFEE-4424B62E6412}.Debug|x64.Build.0 = Debug|Any CPU
		{79B5083B-7CA3-47AA-BFEE-4424B62E6412}.Debug|x86.ActiveCfg = Debug|Any CPU
		{79B5083B-7CA3-47AA-BFEE-4424B62E6412}.Debug|x86.Build.0 = Debug|Any CPU
		{79B5083B-7CA3-47AA-BFEE-4424B62E6412}.Release|Any CPU.ActiveCfg = Release|Any CPU
		{79B5083B-7CA3-47AA-BFEE-4424B62E6412}.Release|Any CPU.Build.0 = Release|Any CPU
		{79B5083B-7CA3-47AA-BFEE-4424B62E6412}.Release|ARM.ActiveCfg = Release|Any CPU
		{79B5083B-7CA3-47AA-BFEE-4424B62E6412}.Release|ARM.Build.0 = Release|Any CPU
		{79B5083B-7CA3-47AA-BFEE-4424B62E6412}.Release|iPhone.ActiveCfg = Release|Any CPU
		{79B5083B-7CA3-47AA-BFEE-4424B62E6412}.Release|iPhone.Build.0 = Release|Any CPU
		{79B5083B-7CA3-47AA-BFEE-4424B62E6412}.Release|iPhoneSimulator.ActiveCfg = Release|Any CPU
		{79B5083B-7CA3-47AA-BFEE-4424B62E6412}.Release|iPhoneSimulator.Build.0 = Release|Any CPU
		{79B5083B-7CA3-47AA-BFEE-4424B62E6412}.Release|x64.ActiveCfg = Release|Any CPU
		{79B5083B-7CA3-47AA-BFEE-4424B62E6412}.Release|x64.Build.0 = Release|Any CPU
		{79B5083B-7CA3-47AA-BFEE-4424B62E6412}.Release|x86.ActiveCfg = Release|Any CPU
		{79B5083B-7CA3-47AA-BFEE-4424B62E6412}.Release|x86.Build.0 = Release|Any CPU
		{7450E706-DD1C-4009-BECD-65DAF7433C1A}.Debug|Any CPU.ActiveCfg = Debug|Any CPU
		{7450E706-DD1C-4009-BECD-65DAF7433C1A}.Debug|Any CPU.Build.0 = Debug|Any CPU
		{7450E706-DD1C-4009-BECD-65DAF7433C1A}.Debug|ARM.ActiveCfg = Debug|Any CPU
		{7450E706-DD1C-4009-BECD-65DAF7433C1A}.Debug|ARM.Build.0 = Debug|Any CPU
		{7450E706-DD1C-4009-BECD-65DAF7433C1A}.Debug|iPhone.ActiveCfg = Debug|Any CPU
		{7450E706-DD1C-4009-BECD-65DAF7433C1A}.Debug|iPhone.Build.0 = Debug|Any CPU
		{7450E706-DD1C-4009-BECD-65DAF7433C1A}.Debug|iPhoneSimulator.ActiveCfg = Debug|Any CPU
		{7450E706-DD1C-4009-BECD-65DAF7433C1A}.Debug|iPhoneSimulator.Build.0 = Debug|Any CPU
		{7450E706-DD1C-4009-BECD-65DAF7433C1A}.Debug|x64.ActiveCfg = Debug|Any CPU
		{7450E706-DD1C-4009-BECD-65DAF7433C1A}.Debug|x64.Build.0 = Debug|Any CPU
		{7450E706-DD1C-4009-BECD-65DAF7433C1A}.Debug|x86.ActiveCfg = Debug|Any CPU
		{7450E706-DD1C-4009-BECD-65DAF7433C1A}.Debug|x86.Build.0 = Debug|Any CPU
		{7450E706-DD1C-4009-BECD-65DAF7433C1A}.Release|Any CPU.ActiveCfg = Release|Any CPU
		{7450E706-DD1C-4009-BECD-65DAF7433C1A}.Release|Any CPU.Build.0 = Release|Any CPU
		{7450E706-DD1C-4009-BECD-65DAF7433C1A}.Release|ARM.ActiveCfg = Release|Any CPU
		{7450E706-DD1C-4009-BECD-65DAF7433C1A}.Release|ARM.Build.0 = Release|Any CPU
		{7450E706-DD1C-4009-BECD-65DAF7433C1A}.Release|iPhone.ActiveCfg = Release|Any CPU
		{7450E706-DD1C-4009-BECD-65DAF7433C1A}.Release|iPhone.Build.0 = Release|Any CPU
		{7450E706-DD1C-4009-BECD-65DAF7433C1A}.Release|iPhoneSimulator.ActiveCfg = Release|Any CPU
		{7450E706-DD1C-4009-BECD-65DAF7433C1A}.Release|iPhoneSimulator.Build.0 = Release|Any CPU
		{7450E706-DD1C-4009-BECD-65DAF7433C1A}.Release|x64.ActiveCfg = Release|Any CPU
		{7450E706-DD1C-4009-BECD-65DAF7433C1A}.Release|x64.Build.0 = Release|Any CPU
		{7450E706-DD1C-4009-BECD-65DAF7433C1A}.Release|x86.ActiveCfg = Release|Any CPU
		{7450E706-DD1C-4009-BECD-65DAF7433C1A}.Release|x86.Build.0 = Release|Any CPU
		{A6BD5BD4-1B8F-4805-9873-2C5D30AEEA1E}.Debug|Any CPU.ActiveCfg = Debug|Any CPU
		{A6BD5BD4-1B8F-4805-9873-2C5D30AEEA1E}.Debug|Any CPU.Build.0 = Debug|Any CPU
		{A6BD5BD4-1B8F-4805-9873-2C5D30AEEA1E}.Debug|ARM.ActiveCfg = Debug|Any CPU
		{A6BD5BD4-1B8F-4805-9873-2C5D30AEEA1E}.Debug|ARM.Build.0 = Debug|Any CPU
		{A6BD5BD4-1B8F-4805-9873-2C5D30AEEA1E}.Debug|iPhone.ActiveCfg = Debug|Any CPU
		{A6BD5BD4-1B8F-4805-9873-2C5D30AEEA1E}.Debug|iPhone.Build.0 = Debug|Any CPU
		{A6BD5BD4-1B8F-4805-9873-2C5D30AEEA1E}.Debug|iPhoneSimulator.ActiveCfg = Debug|Any CPU
		{A6BD5BD4-1B8F-4805-9873-2C5D30AEEA1E}.Debug|iPhoneSimulator.Build.0 = Debug|Any CPU
		{A6BD5BD4-1B8F-4805-9873-2C5D30AEEA1E}.Debug|x64.ActiveCfg = Debug|Any CPU
		{A6BD5BD4-1B8F-4805-9873-2C5D30AEEA1E}.Debug|x64.Build.0 = Debug|Any CPU
		{A6BD5BD4-1B8F-4805-9873-2C5D30AEEA1E}.Debug|x86.ActiveCfg = Debug|Any CPU
		{A6BD5BD4-1B8F-4805-9873-2C5D30AEEA1E}.Debug|x86.Build.0 = Debug|Any CPU
		{A6BD5BD4-1B8F-4805-9873-2C5D30AEEA1E}.Release|Any CPU.ActiveCfg = Release|Any CPU
		{A6BD5BD4-1B8F-4805-9873-2C5D30AEEA1E}.Release|Any CPU.Build.0 = Release|Any CPU
		{A6BD5BD4-1B8F-4805-9873-2C5D30AEEA1E}.Release|ARM.ActiveCfg = Release|Any CPU
		{A6BD5BD4-1B8F-4805-9873-2C5D30AEEA1E}.Release|ARM.Build.0 = Release|Any CPU
		{A6BD5BD4-1B8F-4805-9873-2C5D30AEEA1E}.Release|iPhone.ActiveCfg = Release|Any CPU
		{A6BD5BD4-1B8F-4805-9873-2C5D30AEEA1E}.Release|iPhone.Build.0 = Release|Any CPU
		{A6BD5BD4-1B8F-4805-9873-2C5D30AEEA1E}.Release|iPhoneSimulator.ActiveCfg = Release|Any CPU
		{A6BD5BD4-1B8F-4805-9873-2C5D30AEEA1E}.Release|iPhoneSimulator.Build.0 = Release|Any CPU
		{A6BD5BD4-1B8F-4805-9873-2C5D30AEEA1E}.Release|x64.ActiveCfg = Release|Any CPU
		{A6BD5BD4-1B8F-4805-9873-2C5D30AEEA1E}.Release|x64.Build.0 = Release|Any CPU
		{A6BD5BD4-1B8F-4805-9873-2C5D30AEEA1E}.Release|x86.ActiveCfg = Release|Any CPU
		{A6BD5BD4-1B8F-4805-9873-2C5D30AEEA1E}.Release|x86.Build.0 = Release|Any CPU
		{2A215DEC-2DDA-4339-94A4-5C0A48E53B48}.Debug|Any CPU.ActiveCfg = Debug|Any CPU
		{2A215DEC-2DDA-4339-94A4-5C0A48E53B48}.Debug|Any CPU.Build.0 = Debug|Any CPU
		{2A215DEC-2DDA-4339-94A4-5C0A48E53B48}.Debug|ARM.ActiveCfg = Debug|Any CPU
		{2A215DEC-2DDA-4339-94A4-5C0A48E53B48}.Debug|ARM.Build.0 = Debug|Any CPU
		{2A215DEC-2DDA-4339-94A4-5C0A48E53B48}.Debug|iPhone.ActiveCfg = Debug|Any CPU
		{2A215DEC-2DDA-4339-94A4-5C0A48E53B48}.Debug|iPhone.Build.0 = Debug|Any CPU
		{2A215DEC-2DDA-4339-94A4-5C0A48E53B48}.Debug|iPhoneSimulator.ActiveCfg = Debug|Any CPU
		{2A215DEC-2DDA-4339-94A4-5C0A48E53B48}.Debug|iPhoneSimulator.Build.0 = Debug|Any CPU
		{2A215DEC-2DDA-4339-94A4-5C0A48E53B48}.Debug|x64.ActiveCfg = Debug|Any CPU
		{2A215DEC-2DDA-4339-94A4-5C0A48E53B48}.Debug|x64.Build.0 = Debug|Any CPU
		{2A215DEC-2DDA-4339-94A4-5C0A48E53B48}.Debug|x86.ActiveCfg = Debug|Any CPU
		{2A215DEC-2DDA-4339-94A4-5C0A48E53B48}.Debug|x86.Build.0 = Debug|Any CPU
		{2A215DEC-2DDA-4339-94A4-5C0A48E53B48}.Release|Any CPU.ActiveCfg = Release|Any CPU
		{2A215DEC-2DDA-4339-94A4-5C0A48E53B48}.Release|Any CPU.Build.0 = Release|Any CPU
		{2A215DEC-2DDA-4339-94A4-5C0A48E53B48}.Release|ARM.ActiveCfg = Release|Any CPU
		{2A215DEC-2DDA-4339-94A4-5C0A48E53B48}.Release|ARM.Build.0 = Release|Any CPU
		{2A215DEC-2DDA-4339-94A4-5C0A48E53B48}.Release|iPhone.ActiveCfg = Release|Any CPU
		{2A215DEC-2DDA-4339-94A4-5C0A48E53B48}.Release|iPhone.Build.0 = Release|Any CPU
		{2A215DEC-2DDA-4339-94A4-5C0A48E53B48}.Release|iPhoneSimulator.ActiveCfg = Release|Any CPU
		{2A215DEC-2DDA-4339-94A4-5C0A48E53B48}.Release|iPhoneSimulator.Build.0 = Release|Any CPU
		{2A215DEC-2DDA-4339-94A4-5C0A48E53B48}.Release|x64.ActiveCfg = Release|Any CPU
		{2A215DEC-2DDA-4339-94A4-5C0A48E53B48}.Release|x64.Build.0 = Release|Any CPU
		{2A215DEC-2DDA-4339-94A4-5C0A48E53B48}.Release|x86.ActiveCfg = Release|Any CPU
		{2A215DEC-2DDA-4339-94A4-5C0A48E53B48}.Release|x86.Build.0 = Release|Any CPU
		{C4FFB720-2312-48E1-9903-3ED8BE4AFE10}.Debug|Any CPU.ActiveCfg = Debug|Any CPU
		{C4FFB720-2312-48E1-9903-3ED8BE4AFE10}.Debug|Any CPU.Build.0 = Debug|Any CPU
		{C4FFB720-2312-48E1-9903-3ED8BE4AFE10}.Debug|ARM.ActiveCfg = Debug|Any CPU
		{C4FFB720-2312-48E1-9903-3ED8BE4AFE10}.Debug|ARM.Build.0 = Debug|Any CPU
		{C4FFB720-2312-48E1-9903-3ED8BE4AFE10}.Debug|iPhone.ActiveCfg = Debug|Any CPU
		{C4FFB720-2312-48E1-9903-3ED8BE4AFE10}.Debug|iPhone.Build.0 = Debug|Any CPU
		{C4FFB720-2312-48E1-9903-3ED8BE4AFE10}.Debug|iPhoneSimulator.ActiveCfg = Debug|Any CPU
		{C4FFB720-2312-48E1-9903-3ED8BE4AFE10}.Debug|iPhoneSimulator.Build.0 = Debug|Any CPU
		{C4FFB720-2312-48E1-9903-3ED8BE4AFE10}.Debug|x64.ActiveCfg = Debug|Any CPU
		{C4FFB720-2312-48E1-9903-3ED8BE4AFE10}.Debug|x64.Build.0 = Debug|Any CPU
		{C4FFB720-2312-48E1-9903-3ED8BE4AFE10}.Debug|x86.ActiveCfg = Debug|Any CPU
		{C4FFB720-2312-48E1-9903-3ED8BE4AFE10}.Debug|x86.Build.0 = Debug|Any CPU
		{C4FFB720-2312-48E1-9903-3ED8BE4AFE10}.Release|Any CPU.ActiveCfg = Release|Any CPU
		{C4FFB720-2312-48E1-9903-3ED8BE4AFE10}.Release|Any CPU.Build.0 = Release|Any CPU
		{C4FFB720-2312-48E1-9903-3ED8BE4AFE10}.Release|ARM.ActiveCfg = Release|Any CPU
		{C4FFB720-2312-48E1-9903-3ED8BE4AFE10}.Release|ARM.Build.0 = Release|Any CPU
		{C4FFB720-2312-48E1-9903-3ED8BE4AFE10}.Release|iPhone.ActiveCfg = Release|Any CPU
		{C4FFB720-2312-48E1-9903-3ED8BE4AFE10}.Release|iPhone.Build.0 = Release|Any CPU
		{C4FFB720-2312-48E1-9903-3ED8BE4AFE10}.Release|iPhoneSimulator.ActiveCfg = Release|Any CPU
		{C4FFB720-2312-48E1-9903-3ED8BE4AFE10}.Release|iPhoneSimulator.Build.0 = Release|Any CPU
		{C4FFB720-2312-48E1-9903-3ED8BE4AFE10}.Release|x64.ActiveCfg = Release|Any CPU
		{C4FFB720-2312-48E1-9903-3ED8BE4AFE10}.Release|x64.Build.0 = Release|Any CPU
		{C4FFB720-2312-48E1-9903-3ED8BE4AFE10}.Release|x86.ActiveCfg = Release|Any CPU
		{C4FFB720-2312-48E1-9903-3ED8BE4AFE10}.Release|x86.Build.0 = Release|Any CPU
		{51CA7BA4-BEC4-4FC4-9880-C99D93C1BB31}.Debug|Any CPU.ActiveCfg = Debug|Any CPU
		{51CA7BA4-BEC4-4FC4-9880-C99D93C1BB31}.Debug|Any CPU.Build.0 = Debug|Any CPU
		{51CA7BA4-BEC4-4FC4-9880-C99D93C1BB31}.Debug|ARM.ActiveCfg = Debug|Any CPU
		{51CA7BA4-BEC4-4FC4-9880-C99D93C1BB31}.Debug|ARM.Build.0 = Debug|Any CPU
		{51CA7BA4-BEC4-4FC4-9880-C99D93C1BB31}.Debug|iPhone.ActiveCfg = Debug|Any CPU
		{51CA7BA4-BEC4-4FC4-9880-C99D93C1BB31}.Debug|iPhone.Build.0 = Debug|Any CPU
		{51CA7BA4-BEC4-4FC4-9880-C99D93C1BB31}.Debug|iPhoneSimulator.ActiveCfg = Debug|Any CPU
		{51CA7BA4-BEC4-4FC4-9880-C99D93C1BB31}.Debug|iPhoneSimulator.Build.0 = Debug|Any CPU
		{51CA7BA4-BEC4-4FC4-9880-C99D93C1BB31}.Debug|x64.ActiveCfg = Debug|Any CPU
		{51CA7BA4-BEC4-4FC4-9880-C99D93C1BB31}.Debug|x64.Build.0 = Debug|Any CPU
		{51CA7BA4-BEC4-4FC4-9880-C99D93C1BB31}.Debug|x86.ActiveCfg = Debug|Any CPU
		{51CA7BA4-BEC4-4FC4-9880-C99D93C1BB31}.Debug|x86.Build.0 = Debug|Any CPU
		{51CA7BA4-BEC4-4FC4-9880-C99D93C1BB31}.Release|Any CPU.ActiveCfg = Release|Any CPU
		{51CA7BA4-BEC4-4FC4-9880-C99D93C1BB31}.Release|Any CPU.Build.0 = Release|Any CPU
		{51CA7BA4-BEC4-4FC4-9880-C99D93C1BB31}.Release|ARM.ActiveCfg = Release|Any CPU
		{51CA7BA4-BEC4-4FC4-9880-C99D93C1BB31}.Release|ARM.Build.0 = Release|Any CPU
		{51CA7BA4-BEC4-4FC4-9880-C99D93C1BB31}.Release|iPhone.ActiveCfg = Release|Any CPU
		{51CA7BA4-BEC4-4FC4-9880-C99D93C1BB31}.Release|iPhone.Build.0 = Release|Any CPU
		{51CA7BA4-BEC4-4FC4-9880-C99D93C1BB31}.Release|iPhoneSimulator.ActiveCfg = Release|Any CPU
		{51CA7BA4-BEC4-4FC4-9880-C99D93C1BB31}.Release|iPhoneSimulator.Build.0 = Release|Any CPU
		{51CA7BA4-BEC4-4FC4-9880-C99D93C1BB31}.Release|x64.ActiveCfg = Release|Any CPU
		{51CA7BA4-BEC4-4FC4-9880-C99D93C1BB31}.Release|x64.Build.0 = Release|Any CPU
		{51CA7BA4-BEC4-4FC4-9880-C99D93C1BB31}.Release|x86.ActiveCfg = Release|Any CPU
		{51CA7BA4-BEC4-4FC4-9880-C99D93C1BB31}.Release|x86.Build.0 = Release|Any CPU
		{1556AF62-7CA5-47F8-8927-9D6CFA19DF97}.Debug|Any CPU.ActiveCfg = Debug|x86
		{1556AF62-7CA5-47F8-8927-9D6CFA19DF97}.Debug|Any CPU.Build.0 = Debug|x86
		{1556AF62-7CA5-47F8-8927-9D6CFA19DF97}.Debug|Any CPU.Deploy.0 = Debug|x86
		{1556AF62-7CA5-47F8-8927-9D6CFA19DF97}.Debug|ARM.ActiveCfg = Debug|ARM
		{1556AF62-7CA5-47F8-8927-9D6CFA19DF97}.Debug|ARM.Build.0 = Debug|ARM
		{1556AF62-7CA5-47F8-8927-9D6CFA19DF97}.Debug|ARM.Deploy.0 = Debug|ARM
		{1556AF62-7CA5-47F8-8927-9D6CFA19DF97}.Debug|iPhone.ActiveCfg = Debug|x86
		{1556AF62-7CA5-47F8-8927-9D6CFA19DF97}.Debug|iPhoneSimulator.ActiveCfg = Debug|x86
		{1556AF62-7CA5-47F8-8927-9D6CFA19DF97}.Debug|x64.ActiveCfg = Debug|x64
		{1556AF62-7CA5-47F8-8927-9D6CFA19DF97}.Debug|x64.Build.0 = Debug|x64
		{1556AF62-7CA5-47F8-8927-9D6CFA19DF97}.Debug|x64.Deploy.0 = Debug|x64
		{1556AF62-7CA5-47F8-8927-9D6CFA19DF97}.Debug|x86.ActiveCfg = Debug|x86
		{1556AF62-7CA5-47F8-8927-9D6CFA19DF97}.Debug|x86.Build.0 = Debug|x86
		{1556AF62-7CA5-47F8-8927-9D6CFA19DF97}.Debug|x86.Deploy.0 = Debug|x86
		{1556AF62-7CA5-47F8-8927-9D6CFA19DF97}.Release|Any CPU.ActiveCfg = Release|x86
		{1556AF62-7CA5-47F8-8927-9D6CFA19DF97}.Release|ARM.ActiveCfg = Release|ARM
		{1556AF62-7CA5-47F8-8927-9D6CFA19DF97}.Release|ARM.Build.0 = Release|ARM
		{1556AF62-7CA5-47F8-8927-9D6CFA19DF97}.Release|ARM.Deploy.0 = Release|ARM
		{1556AF62-7CA5-47F8-8927-9D6CFA19DF97}.Release|iPhone.ActiveCfg = Release|x86
		{1556AF62-7CA5-47F8-8927-9D6CFA19DF97}.Release|iPhoneSimulator.ActiveCfg = Release|x86
		{1556AF62-7CA5-47F8-8927-9D6CFA19DF97}.Release|x64.ActiveCfg = Release|x64
		{1556AF62-7CA5-47F8-8927-9D6CFA19DF97}.Release|x64.Build.0 = Release|x64
		{1556AF62-7CA5-47F8-8927-9D6CFA19DF97}.Release|x64.Deploy.0 = Release|x64
		{1556AF62-7CA5-47F8-8927-9D6CFA19DF97}.Release|x86.ActiveCfg = Release|x86
		{1556AF62-7CA5-47F8-8927-9D6CFA19DF97}.Release|x86.Build.0 = Release|x86
		{1556AF62-7CA5-47F8-8927-9D6CFA19DF97}.Release|x86.Deploy.0 = Release|x86
		{309F7F3F-2813-4C19-961F-9082245C74F7}.Debug|Any CPU.ActiveCfg = Debug|Any CPU
		{309F7F3F-2813-4C19-961F-9082245C74F7}.Debug|Any CPU.Build.0 = Debug|Any CPU
		{309F7F3F-2813-4C19-961F-9082245C74F7}.Debug|ARM.ActiveCfg = Debug|Any CPU
		{309F7F3F-2813-4C19-961F-9082245C74F7}.Debug|ARM.Build.0 = Debug|Any CPU
		{309F7F3F-2813-4C19-961F-9082245C74F7}.Debug|iPhone.ActiveCfg = Debug|Any CPU
		{309F7F3F-2813-4C19-961F-9082245C74F7}.Debug|iPhone.Build.0 = Debug|Any CPU
		{309F7F3F-2813-4C19-961F-9082245C74F7}.Debug|iPhoneSimulator.ActiveCfg = Debug|Any CPU
		{309F7F3F-2813-4C19-961F-9082245C74F7}.Debug|iPhoneSimulator.Build.0 = Debug|Any CPU
		{309F7F3F-2813-4C19-961F-9082245C74F7}.Debug|x64.ActiveCfg = Debug|Any CPU
		{309F7F3F-2813-4C19-961F-9082245C74F7}.Debug|x64.Build.0 = Debug|Any CPU
		{309F7F3F-2813-4C19-961F-9082245C74F7}.Debug|x86.ActiveCfg = Debug|Any CPU
		{309F7F3F-2813-4C19-961F-9082245C74F7}.Debug|x86.Build.0 = Debug|Any CPU
		{309F7F3F-2813-4C19-961F-9082245C74F7}.Release|Any CPU.ActiveCfg = Release|Any CPU
		{309F7F3F-2813-4C19-961F-9082245C74F7}.Release|Any CPU.Build.0 = Release|Any CPU
		{309F7F3F-2813-4C19-961F-9082245C74F7}.Release|ARM.ActiveCfg = Release|Any CPU
		{309F7F3F-2813-4C19-961F-9082245C74F7}.Release|ARM.Build.0 = Release|Any CPU
		{309F7F3F-2813-4C19-961F-9082245C74F7}.Release|iPhone.ActiveCfg = Release|Any CPU
		{309F7F3F-2813-4C19-961F-9082245C74F7}.Release|iPhone.Build.0 = Release|Any CPU
		{309F7F3F-2813-4C19-961F-9082245C74F7}.Release|iPhoneSimulator.ActiveCfg = Release|Any CPU
		{309F7F3F-2813-4C19-961F-9082245C74F7}.Release|iPhoneSimulator.Build.0 = Release|Any CPU
		{309F7F3F-2813-4C19-961F-9082245C74F7}.Release|x64.ActiveCfg = Release|Any CPU
		{309F7F3F-2813-4C19-961F-9082245C74F7}.Release|x64.Build.0 = Release|Any CPU
		{309F7F3F-2813-4C19-961F-9082245C74F7}.Release|x86.ActiveCfg = Release|Any CPU
		{309F7F3F-2813-4C19-961F-9082245C74F7}.Release|x86.Build.0 = Release|Any CPU
	EndGlobalSection
	GlobalSection(SolutionProperties) = preSolution
		HideSolutionNode = FALSE
	EndGlobalSection
	GlobalSection(NestedProjects) = preSolution
		{976EDB9B-7F9C-4D56-995F-0E49E44335CC} = {79C57472-2099-4196-B57A-5CD9B2E1EAE9}
		{D7A3458B-E669-45F2-8321-53116209ED9F} = {79C57472-2099-4196-B57A-5CD9B2E1EAE9}
		{F2857F32-FC40-4191-A7FE-32D4A6B22A14} = {79C57472-2099-4196-B57A-5CD9B2E1EAE9}
		{22CE13F6-92A4-43AB-B5AB-BFB0608DD4D7} = {8F85FEC6-83AC-42F3-9D16-B9FACDB8F630}
		{F57F39C2-9F7B-4F94-8FD5-683DC060E110} = {8F85FEC6-83AC-42F3-9D16-B9FACDB8F630}
		{D1A43C1D-8907-4653-81BC-DD67A236813C} = {31704124-F308-4412-82DF-1CC7EEE1DA78}
		{D7EF49D1-6542-4C31-9F89-1B7DAC2A616B} = {31704124-F308-4412-82DF-1CC7EEE1DA78}
		{64E9E459-1541-4771-B7E6-D5FD2D730675} = {61D33129-3EEC-4AF0-A6C1-DD344D08B8ED}
		{9C654400-CA9F-49AD-96FE-ECC6221BE9DB} = {61D33129-3EEC-4AF0-A6C1-DD344D08B8ED}
		{9948E324-311E-4276-A484-BD76911907B6} = {79C57472-2099-4196-B57A-5CD9B2E1EAE9}
		{7DDC6108-371F-4D74-9E54-8FD7A948DE53} = {6FE4F4B7-69FF-42CA-96CF-391C9FCD7C86}
		{5BA0D47E-C731-4881-9B28-1C2B47233564} = {6FE4F4B7-69FF-42CA-96CF-391C9FCD7C86}
		{9E7FAAD7-FB9C-4363-8667-5065C9559F9C} = {6FE4F4B7-69FF-42CA-96CF-391C9FCD7C86}
		{8D954B8C-1744-40D5-98E0-81E61C37FCB2} = {F0585CE6-25F3-4226-8B5F-0673619BCC2F}
		{2197A38E-8CF8-4C00-8305-EEE270FE2238} = {F0585CE6-25F3-4226-8B5F-0673619BCC2F}
		{F4A5B5E2-F433-4494-9F1D-FB10179E13E3} = {F0585CE6-25F3-4226-8B5F-0673619BCC2F}
		{94ECA124-246F-45D8-BD5A-39785A94FDC5} = {F0585CE6-25F3-4226-8B5F-0673619BCC2F}
		{0961F0BA-63F2-4B26-B31B-B3FD447C9DEE} = {F0585CE6-25F3-4226-8B5F-0673619BCC2F}
		{612CC2FC-456F-4B56-9535-328AB6260951} = {F0585CE6-25F3-4226-8B5F-0673619BCC2F}
		{952A73B3-CD9E-4A82-9030-02433C655890} = {6A538B3B-192C-4E7C-BE72-7B00C01BA28E}
		{4C50AB23-509A-4C0F-9C75-C9D6F6631C70} = {6A538B3B-192C-4E7C-BE72-7B00C01BA28E}
		{3D4E3EF0-AF53-46AC-8CA7-1EF47D21E823} = {6A538B3B-192C-4E7C-BE72-7B00C01BA28E}
		{0B6A070A-F73F-4A43-8003-74BC7C437557} = {6A538B3B-192C-4E7C-BE72-7B00C01BA28E}
		{F1E4B3A8-3BB8-445F-A295-4D16931E2211} = {6A538B3B-192C-4E7C-BE72-7B00C01BA28E}
		{6761BBC1-E76C-493A-89B7-A2966F8FB64C} = {6A538B3B-192C-4E7C-BE72-7B00C01BA28E}
		{5CD0905F-647C-46DB-B8E7-660807EE95B2} = {3AE1FC1C-D161-4759-A7F3-AA25A818778E}
		{74F299C5-0056-4C63-ABBC-C777F4D33ED5} = {3AE1FC1C-D161-4759-A7F3-AA25A818778E}
		{89BCFE6C-7D1F-4370-998D-545D52250F94} = {3AE1FC1C-D161-4759-A7F3-AA25A818778E}
		{D3F59FAE-5693-466B-9226-C892A6EEB822} = {3AE1FC1C-D161-4759-A7F3-AA25A818778E}
		{7901BDD5-67BE-4CFD-9C14-D29E8A7AED41} = {0B31EE92-B5F9-4AE4-84B8-D44BDF0482D0}
		{347EABF0-4B2A-4768-B33A-4575BBAE2CFC} = {0B31EE92-B5F9-4AE4-84B8-D44BDF0482D0}
		{045807DC-0509-486D-9BC0-6086AF4E27BA} = {0B31EE92-B5F9-4AE4-84B8-D44BDF0482D0}
		{79B5083B-7CA3-47AA-BFEE-4424B62E6412} = {8E4B0AF1-7162-4D40-9ED9-F8368315A67D}
		{7450E706-DD1C-4009-BECD-65DAF7433C1A} = {8E4B0AF1-7162-4D40-9ED9-F8368315A67D}
		{A6BD5BD4-1B8F-4805-9873-2C5D30AEEA1E} = {8E4B0AF1-7162-4D40-9ED9-F8368315A67D}
		{2A215DEC-2DDA-4339-94A4-5C0A48E53B48} = {8E4B0AF1-7162-4D40-9ED9-F8368315A67D}
		{C4FFB720-2312-48E1-9903-3ED8BE4AFE10} = {8E4B0AF1-7162-4D40-9ED9-F8368315A67D}
		{51CA7BA4-BEC4-4FC4-9880-C99D93C1BB31} = {8E4B0AF1-7162-4D40-9ED9-F8368315A67D}
		{1556AF62-7CA5-47F8-8927-9D6CFA19DF97} = {8E4B0AF1-7162-4D40-9ED9-F8368315A67D}
		{309F7F3F-2813-4C19-961F-9082245C74F7} = {8E4B0AF1-7162-4D40-9ED9-F8368315A67D}
	EndGlobalSection
	GlobalSection(ExtensibilityGlobals) = postSolution
		SolutionGuid = {1ADF7C92-72E2-4CE3-875E-A6F9C122C471}
	EndGlobalSection
EndGlobal
