
Microsoft Visual Studio Solution File, Format Version 12.00
# Visual Studio 15
VisualStudioVersion = 15.0.26124.0
MinimumVisualStudioVersion = 15.0.26124.0
Project("{9A19103F-16F7-4668-BE54-9A1E7A4F7556}") = "BDSA2018.Lecture01.App", "BDSA2018.Lecture01.App\BDSA2018.Lecture01.App.csproj", "{976EDB9B-7F9C-4D56-995F-0E49E44335CC}"
EndProject
Project("{9A19103F-16F7-4668-BE54-9A1E7A4F7556}") = "BDSA2018.Lecture01.App.Tests", "BDSA2018.Lecture01.App.Tests\BDSA2018.Lecture01.App.Tests.csproj", "{D7A3458B-E669-45F2-8321-53116209ED9F}"
EndProject
Project("{9A19103F-16F7-4668-BE54-9A1E7A4F7556}") = "BDSA2018.Lecture01.Lib", "BDSA2018.Lecture01.Lib\BDSA2018.Lecture01.Lib.csproj", "{F2857F32-FC40-4191-A7FE-32D4A6B22A14}"
EndProject
Project("{9A19103F-16F7-4668-BE54-9A1E7A4F7556}") = "BDSA2018.Lecture02", "BDSA2018.Lecture02\BDSA2018.Lecture02.csproj", "{22CE13F6-92A4-43AB-B5AB-BFB0608DD4D7}"
EndProject
Project("{9A19103F-16F7-4668-BE54-9A1E7A4F7556}") = "BDSA2018.Lecture02.Tests", "BDSA2018.Lecture02.Tests\BDSA2018.Lecture02.Tests.csproj", "{F57F39C2-9F7B-4F94-8FD5-683DC060E110}"
EndProject
Project("{9A19103F-16F7-4668-BE54-9A1E7A4F7556}") = "BDSA2018.Lecture03", "BDSA2018.Lecture03\BDSA2018.Lecture03.csproj", "{D1A43C1D-8907-4653-81BC-DD67A236813C}"
EndProject
Project("{9A19103F-16F7-4668-BE54-9A1E7A4F7556}") = "BDSA2018.Lecture03.Tests", "BDSA2018.Lecture03.Tests\BDSA2018.Lecture03.Tests.csproj", "{D7EF49D1-6542-4C31-9F89-1B7DAC2A616B}"
EndProject
Project("{9A19103F-16F7-4668-BE54-9A1E7A4F7556}") = "BDSA2018.Lecture04", "BDSA2018.Lecture04\BDSA2018.Lecture04.csproj", "{64E9E459-1541-4771-B7E6-D5FD2D730675}"
EndProject
Project("{9A19103F-16F7-4668-BE54-9A1E7A4F7556}") = "BDSA2018.Lecture04.Tests", "BDSA2018.Lecture04.Tests\BDSA2018.Lecture04.Tests.csproj", "{9C654400-CA9F-49AD-96FE-ECC6221BE9DB}"
EndProject
Project("{9A19103F-16F7-4668-BE54-9A1E7A4F7556}") = "BDSA2018.Lecture01.Lib.Tests", "BDSA2018.Lecture01.Lib.Tests\BDSA2018.Lecture01.Lib.Tests.csproj", "{9948E324-311E-4276-A484-BD76911907B6}"
EndProject
Project("{9A19103F-16F7-4668-BE54-9A1E7A4F7556}") = "BDSA2018.Lecture05.Models", "BDSA2018.Lecture05.Models\BDSA2018.Lecture05.Models.csproj", "{7DDC6108-371F-4D74-9E54-8FD7A948DE53}"
EndProject
Project("{9A19103F-16F7-4668-BE54-9A1E7A4F7556}") = "BDSA2018.Lecture05.Entities", "BDSA2018.Lecture05.Entities\BDSA2018.Lecture05.Entities.csproj", "{5BA0D47E-C731-4881-9B28-1C2B47233564}"
EndProject
Project("{9A19103F-16F7-4668-BE54-9A1E7A4F7556}") = "BDSA2018.Lecture05.Models.Tests", "BDSA2018.Lecture05.Models.Tests\BDSA2018.Lecture05.Models.Tests.csproj", "{9E7FAAD7-FB9C-4363-8667-5065C9559F9C}"
EndProject
Project("{FAE04EC0-301F-11D3-BF4B-00C04F79EFBC}") = "BDSA2018.Lecture05.App", "BDSA2018.Lecture05.App\BDSA2018.Lecture05.App.csproj", "{8D954B8C-1744-40D5-98E0-81E61C37FCB2}"
EndProject
Global
	GlobalSection(SolutionConfigurationPlatforms) = preSolution
		Debug|Any CPU = Debug|Any CPU
		Debug|x64 = Debug|x64
		Debug|x86 = Debug|x86
		Release|Any CPU = Release|Any CPU
		Release|x64 = Release|x64
		Release|x86 = Release|x86
	EndGlobalSection
	GlobalSection(ProjectConfigurationPlatforms) = postSolution
		{976EDB9B-7F9C-4D56-995F-0E49E44335CC}.Debug|Any CPU.ActiveCfg = Debug|Any CPU
		{976EDB9B-7F9C-4D56-995F-0E49E44335CC}.Debug|Any CPU.Build.0 = Debug|Any CPU
		{976EDB9B-7F9C-4D56-995F-0E49E44335CC}.Debug|x64.ActiveCfg = Debug|Any CPU
		{976EDB9B-7F9C-4D56-995F-0E49E44335CC}.Debug|x64.Build.0 = Debug|Any CPU
		{976EDB9B-7F9C-4D56-995F-0E49E44335CC}.Debug|x86.ActiveCfg = Debug|Any CPU
		{976EDB9B-7F9C-4D56-995F-0E49E44335CC}.Debug|x86.Build.0 = Debug|Any CPU
		{976EDB9B-7F9C-4D56-995F-0E49E44335CC}.Release|Any CPU.ActiveCfg = Release|Any CPU
		{976EDB9B-7F9C-4D56-995F-0E49E44335CC}.Release|Any CPU.Build.0 = Release|Any CPU
		{976EDB9B-7F9C-4D56-995F-0E49E44335CC}.Release|x64.ActiveCfg = Release|Any CPU
		{976EDB9B-7F9C-4D56-995F-0E49E44335CC}.Release|x64.Build.0 = Release|Any CPU
		{976EDB9B-7F9C-4D56-995F-0E49E44335CC}.Release|x86.ActiveCfg = Release|Any CPU
		{976EDB9B-7F9C-4D56-995F-0E49E44335CC}.Release|x86.Build.0 = Release|Any CPU
		{D7A3458B-E669-45F2-8321-53116209ED9F}.Debug|Any CPU.ActiveCfg = Debug|Any CPU
		{D7A3458B-E669-45F2-8321-53116209ED9F}.Debug|Any CPU.Build.0 = Debug|Any CPU
		{D7A3458B-E669-45F2-8321-53116209ED9F}.Debug|x64.ActiveCfg = Debug|Any CPU
		{D7A3458B-E669-45F2-8321-53116209ED9F}.Debug|x64.Build.0 = Debug|Any CPU
		{D7A3458B-E669-45F2-8321-53116209ED9F}.Debug|x86.ActiveCfg = Debug|Any CPU
		{D7A3458B-E669-45F2-8321-53116209ED9F}.Debug|x86.Build.0 = Debug|Any CPU
		{D7A3458B-E669-45F2-8321-53116209ED9F}.Release|Any CPU.ActiveCfg = Release|Any CPU
		{D7A3458B-E669-45F2-8321-53116209ED9F}.Release|Any CPU.Build.0 = Release|Any CPU
		{D7A3458B-E669-45F2-8321-53116209ED9F}.Release|x64.ActiveCfg = Release|Any CPU
		{D7A3458B-E669-45F2-8321-53116209ED9F}.Release|x64.Build.0 = Release|Any CPU
		{D7A3458B-E669-45F2-8321-53116209ED9F}.Release|x86.ActiveCfg = Release|Any CPU
		{D7A3458B-E669-45F2-8321-53116209ED9F}.Release|x86.Build.0 = Release|Any CPU
		{F2857F32-FC40-4191-A7FE-32D4A6B22A14}.Debug|Any CPU.ActiveCfg = Debug|Any CPU
		{F2857F32-FC40-4191-A7FE-32D4A6B22A14}.Debug|Any CPU.Build.0 = Debug|Any CPU
		{F2857F32-FC40-4191-A7FE-32D4A6B22A14}.Debug|x64.ActiveCfg = Debug|Any CPU
		{F2857F32-FC40-4191-A7FE-32D4A6B22A14}.Debug|x64.Build.0 = Debug|Any CPU
		{F2857F32-FC40-4191-A7FE-32D4A6B22A14}.Debug|x86.ActiveCfg = Debug|Any CPU
		{F2857F32-FC40-4191-A7FE-32D4A6B22A14}.Debug|x86.Build.0 = Debug|Any CPU
		{F2857F32-FC40-4191-A7FE-32D4A6B22A14}.Release|Any CPU.ActiveCfg = Release|Any CPU
		{F2857F32-FC40-4191-A7FE-32D4A6B22A14}.Release|Any CPU.Build.0 = Release|Any CPU
		{F2857F32-FC40-4191-A7FE-32D4A6B22A14}.Release|x64.ActiveCfg = Release|Any CPU
		{F2857F32-FC40-4191-A7FE-32D4A6B22A14}.Release|x64.Build.0 = Release|Any CPU
		{F2857F32-FC40-4191-A7FE-32D4A6B22A14}.Release|x86.ActiveCfg = Release|Any CPU
		{F2857F32-FC40-4191-A7FE-32D4A6B22A14}.Release|x86.Build.0 = Release|Any CPU
		{22CE13F6-92A4-43AB-B5AB-BFB0608DD4D7}.Debug|Any CPU.ActiveCfg = Debug|Any CPU
		{22CE13F6-92A4-43AB-B5AB-BFB0608DD4D7}.Debug|Any CPU.Build.0 = Debug|Any CPU
		{22CE13F6-92A4-43AB-B5AB-BFB0608DD4D7}.Debug|x64.ActiveCfg = Debug|Any CPU
		{22CE13F6-92A4-43AB-B5AB-BFB0608DD4D7}.Debug|x64.Build.0 = Debug|Any CPU
		{22CE13F6-92A4-43AB-B5AB-BFB0608DD4D7}.Debug|x86.ActiveCfg = Debug|Any CPU
		{22CE13F6-92A4-43AB-B5AB-BFB0608DD4D7}.Debug|x86.Build.0 = Debug|Any CPU
		{22CE13F6-92A4-43AB-B5AB-BFB0608DD4D7}.Release|Any CPU.ActiveCfg = Release|Any CPU
		{22CE13F6-92A4-43AB-B5AB-BFB0608DD4D7}.Release|Any CPU.Build.0 = Release|Any CPU
		{22CE13F6-92A4-43AB-B5AB-BFB0608DD4D7}.Release|x64.ActiveCfg = Release|Any CPU
		{22CE13F6-92A4-43AB-B5AB-BFB0608DD4D7}.Release|x64.Build.0 = Release|Any CPU
		{22CE13F6-92A4-43AB-B5AB-BFB0608DD4D7}.Release|x86.ActiveCfg = Release|Any CPU
		{22CE13F6-92A4-43AB-B5AB-BFB0608DD4D7}.Release|x86.Build.0 = Release|Any CPU
		{F57F39C2-9F7B-4F94-8FD5-683DC060E110}.Debug|Any CPU.ActiveCfg = Debug|Any CPU
		{F57F39C2-9F7B-4F94-8FD5-683DC060E110}.Debug|Any CPU.Build.0 = Debug|Any CPU
		{F57F39C2-9F7B-4F94-8FD5-683DC060E110}.Debug|x64.ActiveCfg = Debug|Any CPU
		{F57F39C2-9F7B-4F94-8FD5-683DC060E110}.Debug|x64.Build.0 = Debug|Any CPU
		{F57F39C2-9F7B-4F94-8FD5-683DC060E110}.Debug|x86.ActiveCfg = Debug|Any CPU
		{F57F39C2-9F7B-4F94-8FD5-683DC060E110}.Debug|x86.Build.0 = Debug|Any CPU
		{F57F39C2-9F7B-4F94-8FD5-683DC060E110}.Release|Any CPU.ActiveCfg = Release|Any CPU
		{F57F39C2-9F7B-4F94-8FD5-683DC060E110}.Release|Any CPU.Build.0 = Release|Any CPU
		{F57F39C2-9F7B-4F94-8FD5-683DC060E110}.Release|x64.ActiveCfg = Release|Any CPU
		{F57F39C2-9F7B-4F94-8FD5-683DC060E110}.Release|x64.Build.0 = Release|Any CPU
		{F57F39C2-9F7B-4F94-8FD5-683DC060E110}.Release|x86.ActiveCfg = Release|Any CPU
		{F57F39C2-9F7B-4F94-8FD5-683DC060E110}.Release|x86.Build.0 = Release|Any CPU
		{D1A43C1D-8907-4653-81BC-DD67A236813C}.Debug|Any CPU.ActiveCfg = Debug|Any CPU
		{D1A43C1D-8907-4653-81BC-DD67A236813C}.Debug|Any CPU.Build.0 = Debug|Any CPU
		{D1A43C1D-8907-4653-81BC-DD67A236813C}.Debug|x64.ActiveCfg = Debug|Any CPU
		{D1A43C1D-8907-4653-81BC-DD67A236813C}.Debug|x64.Build.0 = Debug|Any CPU
		{D1A43C1D-8907-4653-81BC-DD67A236813C}.Debug|x86.ActiveCfg = Debug|Any CPU
		{D1A43C1D-8907-4653-81BC-DD67A236813C}.Debug|x86.Build.0 = Debug|Any CPU
		{D1A43C1D-8907-4653-81BC-DD67A236813C}.Release|Any CPU.ActiveCfg = Release|Any CPU
		{D1A43C1D-8907-4653-81BC-DD67A236813C}.Release|Any CPU.Build.0 = Release|Any CPU
		{D1A43C1D-8907-4653-81BC-DD67A236813C}.Release|x64.ActiveCfg = Release|Any CPU
		{D1A43C1D-8907-4653-81BC-DD67A236813C}.Release|x64.Build.0 = Release|Any CPU
		{D1A43C1D-8907-4653-81BC-DD67A236813C}.Release|x86.ActiveCfg = Release|Any CPU
		{D1A43C1D-8907-4653-81BC-DD67A236813C}.Release|x86.Build.0 = Release|Any CPU
		{D7EF49D1-6542-4C31-9F89-1B7DAC2A616B}.Debug|Any CPU.ActiveCfg = Debug|Any CPU
		{D7EF49D1-6542-4C31-9F89-1B7DAC2A616B}.Debug|Any CPU.Build.0 = Debug|Any CPU
		{D7EF49D1-6542-4C31-9F89-1B7DAC2A616B}.Debug|x64.ActiveCfg = Debug|Any CPU
		{D7EF49D1-6542-4C31-9F89-1B7DAC2A616B}.Debug|x64.Build.0 = Debug|Any CPU
		{D7EF49D1-6542-4C31-9F89-1B7DAC2A616B}.Debug|x86.ActiveCfg = Debug|Any CPU
		{D7EF49D1-6542-4C31-9F89-1B7DAC2A616B}.Debug|x86.Build.0 = Debug|Any CPU
		{D7EF49D1-6542-4C31-9F89-1B7DAC2A616B}.Release|Any CPU.ActiveCfg = Release|Any CPU
		{D7EF49D1-6542-4C31-9F89-1B7DAC2A616B}.Release|Any CPU.Build.0 = Release|Any CPU
		{D7EF49D1-6542-4C31-9F89-1B7DAC2A616B}.Release|x64.ActiveCfg = Release|Any CPU
		{D7EF49D1-6542-4C31-9F89-1B7DAC2A616B}.Release|x64.Build.0 = Release|Any CPU
		{D7EF49D1-6542-4C31-9F89-1B7DAC2A616B}.Release|x86.ActiveCfg = Release|Any CPU
		{D7EF49D1-6542-4C31-9F89-1B7DAC2A616B}.Release|x86.Build.0 = Release|Any CPU
		{64E9E459-1541-4771-B7E6-D5FD2D730675}.Debug|Any CPU.ActiveCfg = Debug|Any CPU
		{64E9E459-1541-4771-B7E6-D5FD2D730675}.Debug|Any CPU.Build.0 = Debug|Any CPU
		{64E9E459-1541-4771-B7E6-D5FD2D730675}.Debug|x64.ActiveCfg = Debug|Any CPU
		{64E9E459-1541-4771-B7E6-D5FD2D730675}.Debug|x64.Build.0 = Debug|Any CPU
		{64E9E459-1541-4771-B7E6-D5FD2D730675}.Debug|x86.ActiveCfg = Debug|Any CPU
		{64E9E459-1541-4771-B7E6-D5FD2D730675}.Debug|x86.Build.0 = Debug|Any CPU
		{64E9E459-1541-4771-B7E6-D5FD2D730675}.Release|Any CPU.ActiveCfg = Release|Any CPU
		{64E9E459-1541-4771-B7E6-D5FD2D730675}.Release|Any CPU.Build.0 = Release|Any CPU
		{64E9E459-1541-4771-B7E6-D5FD2D730675}.Release|x64.ActiveCfg = Release|Any CPU
		{64E9E459-1541-4771-B7E6-D5FD2D730675}.Release|x64.Build.0 = Release|Any CPU
		{64E9E459-1541-4771-B7E6-D5FD2D730675}.Release|x86.ActiveCfg = Release|Any CPU
		{64E9E459-1541-4771-B7E6-D5FD2D730675}.Release|x86.Build.0 = Release|Any CPU
		{9C654400-CA9F-49AD-96FE-ECC6221BE9DB}.Debug|Any CPU.ActiveCfg = Debug|Any CPU
		{9C654400-CA9F-49AD-96FE-ECC6221BE9DB}.Debug|Any CPU.Build.0 = Debug|Any CPU
		{9C654400-CA9F-49AD-96FE-ECC6221BE9DB}.Debug|x64.ActiveCfg = Debug|Any CPU
		{9C654400-CA9F-49AD-96FE-ECC6221BE9DB}.Debug|x64.Build.0 = Debug|Any CPU
		{9C654400-CA9F-49AD-96FE-ECC6221BE9DB}.Debug|x86.ActiveCfg = Debug|Any CPU
		{9C654400-CA9F-49AD-96FE-ECC6221BE9DB}.Debug|x86.Build.0 = Debug|Any CPU
		{9C654400-CA9F-49AD-96FE-ECC6221BE9DB}.Release|Any CPU.ActiveCfg = Release|Any CPU
		{9C654400-CA9F-49AD-96FE-ECC6221BE9DB}.Release|Any CPU.Build.0 = Release|Any CPU
		{9C654400-CA9F-49AD-96FE-ECC6221BE9DB}.Release|x64.ActiveCfg = Release|Any CPU
		{9C654400-CA9F-49AD-96FE-ECC6221BE9DB}.Release|x64.Build.0 = Release|Any CPU
		{9C654400-CA9F-49AD-96FE-ECC6221BE9DB}.Release|x86.ActiveCfg = Release|Any CPU
		{9C654400-CA9F-49AD-96FE-ECC6221BE9DB}.Release|x86.Build.0 = Release|Any CPU
		{9948E324-311E-4276-A484-BD76911907B6}.Debug|Any CPU.ActiveCfg = Debug|Any CPU
		{9948E324-311E-4276-A484-BD76911907B6}.Debug|Any CPU.Build.0 = Debug|Any CPU
		{9948E324-311E-4276-A484-BD76911907B6}.Debug|x64.ActiveCfg = Debug|Any CPU
		{9948E324-311E-4276-A484-BD76911907B6}.Debug|x64.Build.0 = Debug|Any CPU
		{9948E324-311E-4276-A484-BD76911907B6}.Debug|x86.ActiveCfg = Debug|Any CPU
		{9948E324-311E-4276-A484-BD76911907B6}.Debug|x86.Build.0 = Debug|Any CPU
		{9948E324-311E-4276-A484-BD76911907B6}.Release|Any CPU.ActiveCfg = Release|Any CPU
		{9948E324-311E-4276-A484-BD76911907B6}.Release|Any CPU.Build.0 = Release|Any CPU
		{9948E324-311E-4276-A484-BD76911907B6}.Release|x64.ActiveCfg = Release|Any CPU
		{9948E324-311E-4276-A484-BD76911907B6}.Release|x64.Build.0 = Release|Any CPU
		{9948E324-311E-4276-A484-BD76911907B6}.Release|x86.ActiveCfg = Release|Any CPU
		{9948E324-311E-4276-A484-BD76911907B6}.Release|x86.Build.0 = Release|Any CPU
		{7DDC6108-371F-4D74-9E54-8FD7A948DE53}.Debug|Any CPU.ActiveCfg = Debug|Any CPU
		{7DDC6108-371F-4D74-9E54-8FD7A948DE53}.Debug|Any CPU.Build.0 = Debug|Any CPU
		{7DDC6108-371F-4D74-9E54-8FD7A948DE53}.Debug|x64.ActiveCfg = Debug|Any CPU
		{7DDC6108-371F-4D74-9E54-8FD7A948DE53}.Debug|x64.Build.0 = Debug|Any CPU
		{7DDC6108-371F-4D74-9E54-8FD7A948DE53}.Debug|x86.ActiveCfg = Debug|Any CPU
		{7DDC6108-371F-4D74-9E54-8FD7A948DE53}.Debug|x86.Build.0 = Debug|Any CPU
		{7DDC6108-371F-4D74-9E54-8FD7A948DE53}.Release|Any CPU.ActiveCfg = Release|Any CPU
		{7DDC6108-371F-4D74-9E54-8FD7A948DE53}.Release|Any CPU.Build.0 = Release|Any CPU
		{7DDC6108-371F-4D74-9E54-8FD7A948DE53}.Release|x64.ActiveCfg = Release|Any CPU
		{7DDC6108-371F-4D74-9E54-8FD7A948DE53}.Release|x64.Build.0 = Release|Any CPU
		{7DDC6108-371F-4D74-9E54-8FD7A948DE53}.Release|x86.ActiveCfg = Release|Any CPU
		{7DDC6108-371F-4D74-9E54-8FD7A948DE53}.Release|x86.Build.0 = Release|Any CPU
		{5BA0D47E-C731-4881-9B28-1C2B47233564}.Debug|Any CPU.ActiveCfg = Debug|Any CPU
		{5BA0D47E-C731-4881-9B28-1C2B47233564}.Debug|Any CPU.Build.0 = Debug|Any CPU
		{5BA0D47E-C731-4881-9B28-1C2B47233564}.Debug|x64.ActiveCfg = Debug|Any CPU
		{5BA0D47E-C731-4881-9B28-1C2B47233564}.Debug|x64.Build.0 = Debug|Any CPU
		{5BA0D47E-C731-4881-9B28-1C2B47233564}.Debug|x86.ActiveCfg = Debug|Any CPU
		{5BA0D47E-C731-4881-9B28-1C2B47233564}.Debug|x86.Build.0 = Debug|Any CPU
		{5BA0D47E-C731-4881-9B28-1C2B47233564}.Release|Any CPU.ActiveCfg = Release|Any CPU
		{5BA0D47E-C731-4881-9B28-1C2B47233564}.Release|Any CPU.Build.0 = Release|Any CPU
		{5BA0D47E-C731-4881-9B28-1C2B47233564}.Release|x64.ActiveCfg = Release|Any CPU
		{5BA0D47E-C731-4881-9B28-1C2B47233564}.Release|x64.Build.0 = Release|Any CPU
		{5BA0D47E-C731-4881-9B28-1C2B47233564}.Release|x86.ActiveCfg = Release|Any CPU
		{5BA0D47E-C731-4881-9B28-1C2B47233564}.Release|x86.Build.0 = Release|Any CPU
		{9E7FAAD7-FB9C-4363-8667-5065C9559F9C}.Debug|Any CPU.ActiveCfg = Debug|Any CPU
		{9E7FAAD7-FB9C-4363-8667-5065C9559F9C}.Debug|Any CPU.Build.0 = Debug|Any CPU
		{9E7FAAD7-FB9C-4363-8667-5065C9559F9C}.Debug|x64.ActiveCfg = Debug|Any CPU
		{9E7FAAD7-FB9C-4363-8667-5065C9559F9C}.Debug|x64.Build.0 = Debug|Any CPU
		{9E7FAAD7-FB9C-4363-8667-5065C9559F9C}.Debug|x86.ActiveCfg = Debug|Any CPU
		{9E7FAAD7-FB9C-4363-8667-5065C9559F9C}.Debug|x86.Build.0 = Debug|Any CPU
		{9E7FAAD7-FB9C-4363-8667-5065C9559F9C}.Release|Any CPU.ActiveCfg = Release|Any CPU
		{9E7FAAD7-FB9C-4363-8667-5065C9559F9C}.Release|Any CPU.Build.0 = Release|Any CPU
		{9E7FAAD7-FB9C-4363-8667-5065C9559F9C}.Release|x64.ActiveCfg = Release|Any CPU
		{9E7FAAD7-FB9C-4363-8667-5065C9559F9C}.Release|x64.Build.0 = Release|Any CPU
		{9E7FAAD7-FB9C-4363-8667-5065C9559F9C}.Release|x86.ActiveCfg = Release|Any CPU
		{9E7FAAD7-FB9C-4363-8667-5065C9559F9C}.Release|x86.Build.0 = Release|Any CPU
		{8D954B8C-1744-40D5-98E0-81E61C37FCB2}.Debug|Any CPU.ActiveCfg = Debug|Any CPU
		{8D954B8C-1744-40D5-98E0-81E61C37FCB2}.Debug|Any CPU.Build.0 = Debug|Any CPU
		{8D954B8C-1744-40D5-98E0-81E61C37FCB2}.Debug|x64.ActiveCfg = Debug|Any CPU
		{8D954B8C-1744-40D5-98E0-81E61C37FCB2}.Debug|x64.Build.0 = Debug|Any CPU
		{8D954B8C-1744-40D5-98E0-81E61C37FCB2}.Debug|x86.ActiveCfg = Debug|Any CPU
		{8D954B8C-1744-40D5-98E0-81E61C37FCB2}.Debug|x86.Build.0 = Debug|Any CPU
		{8D954B8C-1744-40D5-98E0-81E61C37FCB2}.Release|Any CPU.ActiveCfg = Release|Any CPU
		{8D954B8C-1744-40D5-98E0-81E61C37FCB2}.Release|Any CPU.Build.0 = Release|Any CPU
		{8D954B8C-1744-40D5-98E0-81E61C37FCB2}.Release|x64.ActiveCfg = Release|Any CPU
		{8D954B8C-1744-40D5-98E0-81E61C37FCB2}.Release|x64.Build.0 = Release|Any CPU
		{8D954B8C-1744-40D5-98E0-81E61C37FCB2}.Release|x86.ActiveCfg = Release|Any CPU
		{8D954B8C-1744-40D5-98E0-81E61C37FCB2}.Release|x86.Build.0 = Release|Any CPU
	EndGlobalSection
	GlobalSection(SolutionProperties) = preSolution
		HideSolutionNode = FALSE
	EndGlobalSection
	GlobalSection(ExtensibilityGlobals) = postSolution
		SolutionGuid = {1ADF7C92-72E2-4CE3-875E-A6F9C122C471}
	EndGlobalSection
EndGlobal
