
Microsoft Visual Studio Solution File, Format Version 12.00
# Visual Studio 15
VisualStudioVersion = 15.0.26124.0
MinimumVisualStudioVersion = 15.0.26124.0
Project("{9A19103F-16F7-4668-BE54-9A1E7A4F7556}") = "BDSA2018.Lecture01.App", "BDSA2018.Lecture01.App\BDSA2018.Lecture01.App.csproj", "{976EDB9B-7F9C-4D56-995F-0E49E44335CC}"
EndProject
Project("{9A19103F-16F7-4668-BE54-9A1E7A4F7556}") = "BDSA2018.Lecture01.App.Tests", "BDSA2018.Lecture01.App.Tests\BDSA2018.Lecture01.App.Tests.csproj", "{D7A3458B-E669-45F2-8321-53116209ED9F}"
EndProject
Project("{9A19103F-16F7-4668-BE54-9A1E7A4F7556}") = "BDSA2018.Lecture01.Lib", "BDSA2018.Lecture01.Lib\BDSA2018.Lecture01.Lib.csproj", "{F2857F32-FC40-4191-A7FE-32D4A6B22A14}"
EndProject
Project("{9A19103F-16F7-4668-BE54-9A1E7A4F7556}") = "BDSA2018.Lecture01.Lib.Tests", "BDSA2018.Lecture01.Lib.Tests\BDSA2018.Lecture01.Lib.Tests.csproj", "{DA74C01A-67DE-4284-9ED9-2473654E6ECA}"
EndProject
Project("{9A19103F-16F7-4668-BE54-9A1E7A4F7556}") = "BDSA2018.Lecture02", "BDSA2018.Lecture02\BDSA2018.Lecture02.csproj", "{22CE13F6-92A4-43AB-B5AB-BFB0608DD4D7}"
EndProject
Project("{9A19103F-16F7-4668-BE54-9A1E7A4F7556}") = "BDSA2018.Lecture02.Tests", "BDSA2018.Lecture02.Tests\BDSA2018.Lecture02.Tests.csproj", "{F57F39C2-9F7B-4F94-8FD5-683DC060E110}"
EndProject
Global
	GlobalSection(SolutionConfigurationPlatforms) = preSolution
		Debug|Any CPU = Debug|Any CPU
		Debug|x64 = Debug|x64
		Debug|x86 = Debug|x86
		Release|Any CPU = Release|Any CPU
		Release|x64 = Release|x64
		Release|x86 = Release|x86
	EndGlobalSection
	GlobalSection(ProjectConfigurationPlatforms) = postSolution
		{976EDB9B-7F9C-4D56-995F-0E49E44335CC}.Debug|Any CPU.ActiveCfg = Debug|Any CPU
		{976EDB9B-7F9C-4D56-995F-0E49E44335CC}.Debug|Any CPU.Build.0 = Debug|Any CPU
		{976EDB9B-7F9C-4D56-995F-0E49E44335CC}.Debug|x64.ActiveCfg = Debug|Any CPU
		{976EDB9B-7F9C-4D56-995F-0E49E44335CC}.Debug|x64.Build.0 = Debug|Any CPU
		{976EDB9B-7F9C-4D56-995F-0E49E44335CC}.Debug|x86.ActiveCfg = Debug|Any CPU
		{976EDB9B-7F9C-4D56-995F-0E49E44335CC}.Debug|x86.Build.0 = Debug|Any CPU
		{976EDB9B-7F9C-4D56-995F-0E49E44335CC}.Release|Any CPU.ActiveCfg = Release|Any CPU
		{976EDB9B-7F9C-4D56-995F-0E49E44335CC}.Release|Any CPU.Build.0 = Release|Any CPU
		{976EDB9B-7F9C-4D56-995F-0E49E44335CC}.Release|x64.ActiveCfg = Release|Any CPU
		{976EDB9B-7F9C-4D56-995F-0E49E44335CC}.Release|x64.Build.0 = Release|Any CPU
		{976EDB9B-7F9C-4D56-995F-0E49E44335CC}.Release|x86.ActiveCfg = Release|Any CPU
		{976EDB9B-7F9C-4D56-995F-0E49E44335CC}.Release|x86.Build.0 = Release|Any CPU
		{D7A3458B-E669-45F2-8321-53116209ED9F}.Debug|Any CPU.ActiveCfg = Debug|Any CPU
		{D7A3458B-E669-45F2-8321-53116209ED9F}.Debug|Any CPU.Build.0 = Debug|Any CPU
		{D7A3458B-E669-45F2-8321-53116209ED9F}.Debug|x64.ActiveCfg = Debug|Any CPU
		{D7A3458B-E669-45F2-8321-53116209ED9F}.Debug|x64.Build.0 = Debug|Any CPU
		{D7A3458B-E669-45F2-8321-53116209ED9F}.Debug|x86.ActiveCfg = Debug|Any CPU
		{D7A3458B-E669-45F2-8321-53116209ED9F}.Debug|x86.Build.0 = Debug|Any CPU
		{D7A3458B-E669-45F2-8321-53116209ED9F}.Release|Any CPU.ActiveCfg = Release|Any CPU
		{D7A3458B-E669-45F2-8321-53116209ED9F}.Release|Any CPU.Build.0 = Release|Any CPU
		{D7A3458B-E669-45F2-8321-53116209ED9F}.Release|x64.ActiveCfg = Release|Any CPU
		{D7A3458B-E669-45F2-8321-53116209ED9F}.Release|x64.Build.0 = Release|Any CPU
		{D7A3458B-E669-45F2-8321-53116209ED9F}.Release|x86.ActiveCfg = Release|Any CPU
		{D7A3458B-E669-45F2-8321-53116209ED9F}.Release|x86.Build.0 = Release|Any CPU
		{F2857F32-FC40-4191-A7FE-32D4A6B22A14}.Debug|Any CPU.ActiveCfg = Debug|Any CPU
		{F2857F32-FC40-4191-A7FE-32D4A6B22A14}.Debug|Any CPU.Build.0 = Debug|Any CPU
		{F2857F32-FC40-4191-A7FE-32D4A6B22A14}.Debug|x64.ActiveCfg = Debug|Any CPU
		{F2857F32-FC40-4191-A7FE-32D4A6B22A14}.Debug|x64.Build.0 = Debug|Any CPU
		{F2857F32-FC40-4191-A7FE-32D4A6B22A14}.Debug|x86.ActiveCfg = Debug|Any CPU
		{F2857F32-FC40-4191-A7FE-32D4A6B22A14}.Debug|x86.Build.0 = Debug|Any CPU
		{F2857F32-FC40-4191-A7FE-32D4A6B22A14}.Release|Any CPU.ActiveCfg = Release|Any CPU
		{F2857F32-FC40-4191-A7FE-32D4A6B22A14}.Release|Any CPU.Build.0 = Release|Any CPU
		{F2857F32-FC40-4191-A7FE-32D4A6B22A14}.Release|x64.ActiveCfg = Release|Any CPU
		{F2857F32-FC40-4191-A7FE-32D4A6B22A14}.Release|x64.Build.0 = Release|Any CPU
		{F2857F32-FC40-4191-A7FE-32D4A6B22A14}.Release|x86.ActiveCfg = Release|Any CPU
		{F2857F32-FC40-4191-A7FE-32D4A6B22A14}.Release|x86.Build.0 = Release|Any CPU
		{DA74C01A-67DE-4284-9ED9-2473654E6ECA}.Debug|Any CPU.ActiveCfg = Debug|Any CPU
		{DA74C01A-67DE-4284-9ED9-2473654E6ECA}.Debug|Any CPU.Build.0 = Debug|Any CPU
		{DA74C01A-67DE-4284-9ED9-2473654E6ECA}.Debug|x64.ActiveCfg = Debug|Any CPU
		{DA74C01A-67DE-4284-9ED9-2473654E6ECA}.Debug|x64.Build.0 = Debug|Any CPU
		{DA74C01A-67DE-4284-9ED9-2473654E6ECA}.Debug|x86.ActiveCfg = Debug|Any CPU
		{DA74C01A-67DE-4284-9ED9-2473654E6ECA}.Debug|x86.Build.0 = Debug|Any CPU
		{DA74C01A-67DE-4284-9ED9-2473654E6ECA}.Release|Any CPU.ActiveCfg = Release|Any CPU
		{DA74C01A-67DE-4284-9ED9-2473654E6ECA}.Release|Any CPU.Build.0 = Release|Any CPU
		{DA74C01A-67DE-4284-9ED9-2473654E6ECA}.Release|x64.ActiveCfg = Release|Any CPU
		{DA74C01A-67DE-4284-9ED9-2473654E6ECA}.Release|x64.Build.0 = Release|Any CPU
		{DA74C01A-67DE-4284-9ED9-2473654E6ECA}.Release|x86.ActiveCfg = Release|Any CPU
		{DA74C01A-67DE-4284-9ED9-2473654E6ECA}.Release|x86.Build.0 = Release|Any CPU
		{22CE13F6-92A4-43AB-B5AB-BFB0608DD4D7}.Debug|Any CPU.ActiveCfg = Debug|Any CPU
		{22CE13F6-92A4-43AB-B5AB-BFB0608DD4D7}.Debug|Any CPU.Build.0 = Debug|Any CPU
		{22CE13F6-92A4-43AB-B5AB-BFB0608DD4D7}.Debug|x64.ActiveCfg = Debug|Any CPU
		{22CE13F6-92A4-43AB-B5AB-BFB0608DD4D7}.Debug|x64.Build.0 = Debug|Any CPU
		{22CE13F6-92A4-43AB-B5AB-BFB0608DD4D7}.Debug|x86.ActiveCfg = Debug|Any CPU
		{22CE13F6-92A4-43AB-B5AB-BFB0608DD4D7}.Debug|x86.Build.0 = Debug|Any CPU
		{22CE13F6-92A4-43AB-B5AB-BFB0608DD4D7}.Release|Any CPU.ActiveCfg = Release|Any CPU
		{22CE13F6-92A4-43AB-B5AB-BFB0608DD4D7}.Release|Any CPU.Build.0 = Release|Any CPU
		{22CE13F6-92A4-43AB-B5AB-BFB0608DD4D7}.Release|x64.ActiveCfg = Release|Any CPU
		{22CE13F6-92A4-43AB-B5AB-BFB0608DD4D7}.Release|x64.Build.0 = Release|Any CPU
		{22CE13F6-92A4-43AB-B5AB-BFB0608DD4D7}.Release|x86.ActiveCfg = Release|Any CPU
		{22CE13F6-92A4-43AB-B5AB-BFB0608DD4D7}.Release|x86.Build.0 = Release|Any CPU
		{F57F39C2-9F7B-4F94-8FD5-683DC060E110}.Debug|Any CPU.ActiveCfg = Debug|Any CPU
		{F57F39C2-9F7B-4F94-8FD5-683DC060E110}.Debug|Any CPU.Build.0 = Debug|Any CPU
		{F57F39C2-9F7B-4F94-8FD5-683DC060E110}.Debug|x64.ActiveCfg = Debug|Any CPU
		{F57F39C2-9F7B-4F94-8FD5-683DC060E110}.Debug|x64.Build.0 = Debug|Any CPU
		{F57F39C2-9F7B-4F94-8FD5-683DC060E110}.Debug|x86.ActiveCfg = Debug|Any CPU
		{F57F39C2-9F7B-4F94-8FD5-683DC060E110}.Debug|x86.Build.0 = Debug|Any CPU
		{F57F39C2-9F7B-4F94-8FD5-683DC060E110}.Release|Any CPU.ActiveCfg = Release|Any CPU
		{F57F39C2-9F7B-4F94-8FD5-683DC060E110}.Release|Any CPU.Build.0 = Release|Any CPU
		{F57F39C2-9F7B-4F94-8FD5-683DC060E110}.Release|x64.ActiveCfg = Release|Any CPU
		{F57F39C2-9F7B-4F94-8FD5-683DC060E110}.Release|x64.Build.0 = Release|Any CPU
		{F57F39C2-9F7B-4F94-8FD5-683DC060E110}.Release|x86.ActiveCfg = Release|Any CPU
		{F57F39C2-9F7B-4F94-8FD5-683DC060E110}.Release|x86.Build.0 = Release|Any CPU
	EndGlobalSection
	GlobalSection(SolutionProperties) = preSolution
		HideSolutionNode = FALSE
	EndGlobalSection
	GlobalSection(ExtensibilityGlobals) = postSolution
		SolutionGuid = {1ADF7C92-72E2-4CE3-875E-A6F9C122C471}
	EndGlobalSection
EndGlobal
